PODS:
  - AFNetworking (3.1.0):
    - AFNetworking/NSURLSession (= 3.1.0)
    - AFNetworking/Reachability (= 3.1.0)
    - AFNetworking/Security (= 3.1.0)
    - AFNetworking/Serialization (= 3.1.0)
    - AFNetworking/UIKit (= 3.1.0)
  - AFNetworking/NSURLSession (3.1.0):
    - AFNetworking/Reachability
    - AFNetworking/Security
    - AFNetworking/Serialization
  - AFNetworking/Reachability (3.1.0)
  - AFNetworking/Security (3.1.0)
  - AFNetworking/Serialization (3.1.0)
  - AFNetworking/UIKit (3.1.0):
    - AFNetworking/NSURLSession
  - AliyunOSSiOS (2.6.0)
  - BaiduMapKit (3.2.1)
  - iOS-Slide-Menu (1.5)
  - IQKeyboardManager (4.0.8)
  - JGProgressHUD (1.4)
  - Masonry (1.0.2)
  - MJRefresh (3.1.12)
  - Realm (2.1.1):
    - Realm/Headers (= 2.1.1)
  - Realm/Headers (2.1.1)
  - SDWebImage (3.8.2):
    - SDWebImage/Core (= 3.8.2)
  - SDWebImage/Core (3.8.2)

DEPENDENCIES:
  - AFNetworking (~> 3.0)
  - AliyunOSSiOS (~> 2.6.0)
  - BaiduMapKit
  - iOS-Slide-Menu (~> 1.5)
  - IQKeyboardManager
  - JGProgressHUD
  - Masonry
  - MJRefresh
  - Realm
  - SDWebImage (~> 3.8)

SPEC CHECKSUMS:
  AFNetworking: 5e0e199f73d8626b11e79750991f5d173d1f8b67
  AliyunOSSiOS: 058b038cc82000dadb8f8e3893a97243124f2898
  BaiduMapKit: 9c748785aa3dddfc41dcb70c14b21ce32f680930
  iOS-Slide-Menu: 40b0cbd8916c42afc755f0869793cd09e7a32102
  IQKeyboardManager: 1a8189fa153bf09044355ee0ad36826f6767e7f7
  JGProgressHUD: 1617b0940cf80bb53e8f7d6f0fd69252ea45d6d4
  Masonry: 7c429b56da9d4ee0bbb3ed77a5ea710d6a5df39e
  MJRefresh: b96cdb21c4aa75a7b07654311ab2f315c497e806
  Realm: a55959c0b171a5fe5267406d17f314fec3cefaae
  SDWebImage: 098e97e6176540799c27e804c96653ee0833d13c

PODFILE CHECKSUM: f536ea0cbb36efd9918850c08ba08cddc0a6c991

COCOAPODS: 1.1.1
