// !$*UTF8*$!
{
	archiveVersion = 1;
	classes = {
	};
	objectVersion = 46;
	objects = {

/* Begin PBXBuildFile section */
		025853301ED809E1009E78DE /* SKALoginIN.m in Sources */ = {isa = PBXBuildFile; fileRef = 0258532F1ED809E1009E78DE /* SKALoginIN.m */; };
		025853331ED81BB2009E78DE /* LoginM.m in Sources */ = {isa = PBXBuildFile; fileRef = 025853321ED81BB2009E78DE /* LoginM.m */; };
		025853361ED8244B009E78DE /* VC配置.plist in Resources */ = {isa = PBXBuildFile; fileRef = 025853351ED8244B009E78DE /* VC配置.plist */; };
		02650B5E1EB1CD7D001B02D0 /* UILabel+SKA.m in Sources */ = {isa = PBXBuildFile; fileRef = 02650B5D1EB1CD7D001B02D0 /* UILabel+SKA.m */; };
		02650B611EB1CEAB001B02D0 /* UITextView+SKA.m in Sources */ = {isa = PBXBuildFile; fileRef = 02650B601EB1CEAB001B02D0 /* UITextView+SKA.m */; };
		02650B641EB1DB8F001B02D0 /* UITextField+SKA.m in Sources */ = {isa = PBXBuildFile; fileRef = 02650B631EB1DB8F001B02D0 /* UITextField+SKA.m */; };
		02650B671EB1E6C9001B02D0 /* NSArray+SKA.m in Sources */ = {isa = PBXBuildFile; fileRef = 02650B661EB1E6C9001B02D0 /* NSArray+SKA.m */; };
		02650B6A1EB1E80B001B02D0 /* NSDate+SKA.m in Sources */ = {isa = PBXBuildFile; fileRef = 02650B691EB1E80B001B02D0 /* NSDate+SKA.m */; };
		02650B6D1EB1E86E001B02D0 /* NSDictionary+SKA.m in Sources */ = {isa = PBXBuildFile; fileRef = 02650B6C1EB1E86E001B02D0 /* NSDictionary+SKA.m */; };
		02650B701EB1E8AD001B02D0 /* NSString+SKA.m in Sources */ = {isa = PBXBuildFile; fileRef = 02650B6F1EB1E8AD001B02D0 /* NSString+SKA.m */; };
		02650B731EB1E97B001B02D0 /* UIImageView+SKA.m in Sources */ = {isa = PBXBuildFile; fileRef = 02650B721EB1E97B001B02D0 /* UIImageView+SKA.m */; };
		028131551ED6CBC100C9FC84 /* SKABaseInterfactor.m in Sources */ = {isa = PBXBuildFile; fileRef = 028131541ED6CBC100C9FC84 /* SKABaseInterfactor.m */; };
		0281595E1EC97498009A25E0 /* UIViewController+Route.m in Sources */ = {isa = PBXBuildFile; fileRef = 0281595D1EC97498009A25E0 /* UIViewController+Route.m */; };
		028159611EC98AAC009A25E0 /* AC.m in Sources */ = {isa = PBXBuildFile; fileRef = 028159601EC98AAC009A25E0 /* AC.m */; };
		028AC2F61EC9AAD70099C0C1 /* SKAPresentationView.m in Sources */ = {isa = PBXBuildFile; fileRef = 028AC2F51EC9AAD70099C0C1 /* SKAPresentationView.m */; };
		02A678CA1ECA94430062EAD2 /* UINavigationController+SKA.m in Sources */ = {isa = PBXBuildFile; fileRef = 02A678C91ECA94430062EAD2 /* UINavigationController+SKA.m */; };
		02A678DA1ECAACAA0062EAD2 /* SKABaseController.m in Sources */ = {isa = PBXBuildFile; fileRef = 02A678D91ECAACAA0062EAD2 /* SKABaseController.m */; };
		02A678DD1ECAACBD0062EAD2 /* SKABaseTestPresenter.m in Sources */ = {isa = PBXBuildFile; fileRef = 02A678DC1ECAACBD0062EAD2 /* SKABaseTestPresenter.m */; };
		02A678E31ECAAD9C0062EAD2 /* AppDelegate+FirstLaunch.m in Sources */ = {isa = PBXBuildFile; fileRef = 02A678E01ECAAD9C0062EAD2 /* AppDelegate+FirstLaunch.m */; };
		02A678E41ECAAD9C0062EAD2 /* AppDelegate+MainVC.m in Sources */ = {isa = PBXBuildFile; fileRef = 02A678E21ECAAD9C0062EAD2 /* AppDelegate+MainVC.m */; };
		02A678F61ECAAF8F0062EAD2 /* SKANetWorkInterface.m in Sources */ = {isa = PBXBuildFile; fileRef = 02A678F31ECAAF8F0062EAD2 /* SKANetWorkInterface.m */; };
		02A678F71ECAAF8F0062EAD2 /* UIViewController+SKANetInterfactor.m in Sources */ = {isa = PBXBuildFile; fileRef = 02A678F51ECAAF8F0062EAD2 /* UIViewController+SKANetInterfactor.m */; };
		02A678FA1ECAAFE50062EAD2 /* NSDictionary+NilString.m in Sources */ = {isa = PBXBuildFile; fileRef = 02A678F91ECAAFE50062EAD2 /* NSDictionary+NilString.m */; };
		02A679001ECAB00B0062EAD2 /* SKANetWorkInterface+Cache.m in Sources */ = {isa = PBXBuildFile; fileRef = 02A678FD1ECAB00B0062EAD2 /* SKANetWorkInterface+Cache.m */; };
		02A679011ECAB00B0062EAD2 /* SKANetWorkInterfaceRealm.m in Sources */ = {isa = PBXBuildFile; fileRef = 02A678FF1ECAB00B0062EAD2 /* SKANetWorkInterfaceRealm.m */; };
		02A679071ECAB04C0062EAD2 /* SKANetWorkInterface+Log.m in Sources */ = {isa = PBXBuildFile; fileRef = 02A679041ECAB04C0062EAD2 /* SKANetWorkInterface+Log.m */; };
		02A679081ECAB04C0062EAD2 /* SKANetWorkLogRealm.m in Sources */ = {isa = PBXBuildFile; fileRef = 02A679061ECAB04C0062EAD2 /* SKANetWorkLogRealm.m */; };
		02A679131ECAB2EE0062EAD2 /* NSArray+SKACache.m in Sources */ = {isa = PBXBuildFile; fileRef = 02A6790E1ECAB2EE0062EAD2 /* NSArray+SKACache.m */; };
		02A679141ECAB2EE0062EAD2 /* NSDictionary+SKACache.m in Sources */ = {isa = PBXBuildFile; fileRef = 02A679101ECAB2EE0062EAD2 /* NSDictionary+SKACache.m */; };
		02A679151ECAB2EE0062EAD2 /* NSString+SKACache.m in Sources */ = {isa = PBXBuildFile; fileRef = 02A679121ECAB2EE0062EAD2 /* NSString+SKACache.m */; };
		02A679491ECAC7530062EAD2 /* libz.tbd in Frameworks */ = {isa = PBXBuildFile; fileRef = 02A679481ECAC7530062EAD2 /* libz.tbd */; };
		02A6794B1ECAC7570062EAD2 /* libc++.tbd in Frameworks */ = {isa = PBXBuildFile; fileRef = 02A6794A1ECAC7570062EAD2 /* libc++.tbd */; };
		02A679501ECACF7B0062EAD2 /* SKABaiduMapAnnotationModel.m in Sources */ = {isa = PBXBuildFile; fileRef = 02A6794D1ECACF7B0062EAD2 /* SKABaiduMapAnnotationModel.m */; };
		02A679511ECACF7B0062EAD2 /* SKABaiduMapAnnotationView.m in Sources */ = {isa = PBXBuildFile; fileRef = 02A6794F1ECACF7B0062EAD2 /* SKABaiduMapAnnotationView.m */; };
		02A679551ECACFBE0062EAD2 /* SKABaiduMap.m in Sources */ = {isa = PBXBuildFile; fileRef = 02A679541ECACFBE0062EAD2 /* SKABaiduMap.m */; };
		02A679581ECAD2870062EAD2 /* AppDelegate+SKA.m in Sources */ = {isa = PBXBuildFile; fileRef = 02A679571ECAD2870062EAD2 /* AppDelegate+SKA.m */; };
		02A6795D1ECAE2E20062EAD2 /* NaviC.m in Sources */ = {isa = PBXBuildFile; fileRef = 02A6795C1ECAE2E20062EAD2 /* NaviC.m */; };
		02A679601ECAE6320062EAD2 /* UIImage+SKA.m in Sources */ = {isa = PBXBuildFile; fileRef = 02A6795F1ECAE6320062EAD2 /* UIImage+SKA.m */; };
		02A679641ECAE71D0062EAD2 /* SKAUIDatePicker.m in Sources */ = {isa = PBXBuildFile; fileRef = 02A679631ECAE71D0062EAD2 /* SKAUIDatePicker.m */; };
		02A6796C1ECAECB20062EAD2 /* SKASCityPickerView.m in Sources */ = {isa = PBXBuildFile; fileRef = 02A679661ECAECB20062EAD2 /* SKASCityPickerView.m */; };
		02A6796D1ECAECB20062EAD2 /* SKACitys.plist in Resources */ = {isa = PBXBuildFile; fileRef = 02A679671ECAECB20062EAD2 /* SKACitys.plist */; };
		02A6796E1ECAECB20062EAD2 /* SKAMorePickerView.m in Sources */ = {isa = PBXBuildFile; fileRef = 02A679691ECAECB20062EAD2 /* SKAMorePickerView.m */; };
		02A6796F1ECAECB20062EAD2 /* SKAUIPickerView.m in Sources */ = {isa = PBXBuildFile; fileRef = 02A6796B1ECAECB20062EAD2 /* SKAUIPickerView.m */; };
		02DDA1011ECD2DA00010AAA0 /* SKABaseCSS.m in Sources */ = {isa = PBXBuildFile; fileRef = 02DDA1001ECD2DA00010AAA0 /* SKABaseCSS.m */; };
		02DDA10C1ECD30F10010AAA0 /* SKABaseTableView+Edit.m in Sources */ = {isa = PBXBuildFile; fileRef = 02DDA1051ECD30F10010AAA0 /* SKABaseTableView+Edit.m */; };
		02DDA10D1ECD30F10010AAA0 /* SKABaseTableView.m in Sources */ = {isa = PBXBuildFile; fileRef = 02DDA1071ECD30F10010AAA0 /* SKABaseTableView.m */; };
		02DDA10E1ECD30F10010AAA0 /* SKATableViewCell.m in Sources */ = {isa = PBXBuildFile; fileRef = 02DDA1091ECD30F10010AAA0 /* SKATableViewCell.m */; };
		02DDA10F1ECD30F10010AAA0 /* SKATableViewModel.m in Sources */ = {isa = PBXBuildFile; fileRef = 02DDA10B1ECD30F10010AAA0 /* SKATableViewModel.m */; };
		02DDA1151ECD314A0010AAA0 /* SKATableView.m in Sources */ = {isa = PBXBuildFile; fileRef = 02DDA1121ECD314A0010AAA0 /* SKATableView.m */; };
		02DDA1161ECD314A0010AAA0 /* SKATableViewH.m in Sources */ = {isa = PBXBuildFile; fileRef = 02DDA1141ECD314A0010AAA0 /* SKATableViewH.m */; };
		02DDA11E1ECD317D0010AAA0 /* SKATableViewSection.m in Sources */ = {isa = PBXBuildFile; fileRef = 02DDA1191ECD317D0010AAA0 /* SKATableViewSection.m */; };
		02DDA11F1ECD317D0010AAA0 /* SKATableViewSectionModel.m in Sources */ = {isa = PBXBuildFile; fileRef = 02DDA11B1ECD317D0010AAA0 /* SKATableViewSectionModel.m */; };
		02DDA1201ECD317D0010AAA0 /* SKATableViewSectionView.m in Sources */ = {isa = PBXBuildFile; fileRef = 02DDA11D1ECD317D0010AAA0 /* SKATableViewSectionView.m */; };
		02DDA1241ECD37B40010AAA0 /* AppDelegate+SKABaiduMap.m in Sources */ = {isa = PBXBuildFile; fileRef = 02DDA1231ECD37B40010AAA0 /* AppDelegate+SKABaiduMap.m */; };
		02DDA1281ECD38FD0010AAA0 /* SKAGuidanceView.m in Sources */ = {isa = PBXBuildFile; fileRef = 02DDA1271ECD38FD0010AAA0 /* SKAGuidanceView.m */; };
		02DDA12C1ECD39590010AAA0 /* SKAWaveImageView.m in Sources */ = {isa = PBXBuildFile; fileRef = 02DDA12B1ECD39590010AAA0 /* SKAWaveImageView.m */; };
		02DDA1351ECD3ECB0010AAA0 /* SKASts.m in Sources */ = {isa = PBXBuildFile; fileRef = 02DDA1321ECD3ECB0010AAA0 /* SKASts.m */; };
		02DDA1361ECD3ECB0010AAA0 /* SKAStsInterface.m in Sources */ = {isa = PBXBuildFile; fileRef = 02DDA1341ECD3ECB0010AAA0 /* SKAStsInterface.m */; };
		02DDA13E1ECD41CD0010AAA0 /* NSMutableArray+GRAliModel.m in Sources */ = {isa = PBXBuildFile; fileRef = 02DDA1391ECD41CD0010AAA0 /* NSMutableArray+GRAliModel.m */; };
		02DDA13F1ECD41CD0010AAA0 /* SKAAliyunModel.m in Sources */ = {isa = PBXBuildFile; fileRef = 02DDA13B1ECD41CD0010AAA0 /* SKAAliyunModel.m */; };
		02DDA1401ECD41CD0010AAA0 /* SKAAliyunNetWork.m in Sources */ = {isa = PBXBuildFile; fileRef = 02DDA13D1ECD41CD0010AAA0 /* SKAAliyunNetWork.m */; };
		02DDA1441ECD42E10010AAA0 /* SKABaseModel.m in Sources */ = {isa = PBXBuildFile; fileRef = 02DDA1431ECD42E10010AAA0 /* SKABaseModel.m */; };
		02DDA1481ECD43410010AAA0 /* SKANumber.m in Sources */ = {isa = PBXBuildFile; fileRef = 02DDA1471ECD43410010AAA0 /* SKANumber.m */; };
		02DDA14B1ECD47220010AAA0 /* SKABaseNaviVC.m in Sources */ = {isa = PBXBuildFile; fileRef = 02DDA14A1ECD47220010AAA0 /* SKABaseNaviVC.m */; };
		02DDA14E1ECD4AFC0010AAA0 /* UIViewController+SKAPresenter.m in Sources */ = {isa = PBXBuildFile; fileRef = 02DDA14D1ECD4AFC0010AAA0 /* UIViewController+SKAPresenter.m */; };
		02DDA1521ECD6CE20010AAA0 /* UIView+SKABase.m in Sources */ = {isa = PBXBuildFile; fileRef = 02DDA1511ECD6CE20010AAA0 /* UIView+SKABase.m */; };
		4E91666F1EADA70100B06D4B /* main.m in Sources */ = {isa = PBXBuildFile; fileRef = 4E91666E1EADA70100B06D4B /* main.m */; };
		4E9166721EADA70100B06D4B /* AppDelegate.m in Sources */ = {isa = PBXBuildFile; fileRef = 4E9166711EADA70100B06D4B /* AppDelegate.m */; };
		4E9166751EADA70100B06D4B /* ViewController.m in Sources */ = {isa = PBXBuildFile; fileRef = 4E9166741EADA70100B06D4B /* ViewController.m */; };
		4E9166781EADA70100B06D4B /* Main.storyboard in Resources */ = {isa = PBXBuildFile; fileRef = 4E9166761EADA70100B06D4B /* Main.storyboard */; };
		4E91667A1EADA70100B06D4B /* Assets.xcassets in Resources */ = {isa = PBXBuildFile; fileRef = 4E9166791EADA70100B06D4B /* Assets.xcassets */; };
		4E91667D1EADA70100B06D4B /* LaunchScreen.storyboard in Resources */ = {isa = PBXBuildFile; fileRef = 4E91667B1EADA70100B06D4B /* LaunchScreen.storyboard */; };
		4E9166881EADA70100B06D4B /* SKAFrameworkTests.m in Sources */ = {isa = PBXBuildFile; fileRef = 4E9166871EADA70100B06D4B /* SKAFrameworkTests.m */; };
		4E9166931EADA70100B06D4B /* SKAFrameworkUITests.m in Sources */ = {isa = PBXBuildFile; fileRef = 4E9166921EADA70100B06D4B /* SKAFrameworkUITests.m */; };
		4E9167021EADC04700B06D4B /* SKABaseView.m in Sources */ = {isa = PBXBuildFile; fileRef = 4E9167011EADC04700B06D4B /* SKABaseView.m */; };
		4E91670B1EADC0C400B06D4B /* UIView+SKA.m in Sources */ = {isa = PBXBuildFile; fileRef = 4E91670A1EADC0C400B06D4B /* UIView+SKA.m */; };
		4E9167101EADDF5700B06D4B /* UIButton+SKA.m in Sources */ = {isa = PBXBuildFile; fileRef = 4E91670F1EADDF5700B06D4B /* UIButton+SKA.m */; };
		4E9167171EADF57600B06D4B /* SKAAlertController.m in Sources */ = {isa = PBXBuildFile; fileRef = 4E9167161EADF57600B06D4B /* SKAAlertController.m */; };
		4E91671A1EADFF9200B06D4B /* SKAAlertSheet.m in Sources */ = {isa = PBXBuildFile; fileRef = 4E9167191EADFF9200B06D4B /* SKAAlertSheet.m */; };
		B5724274F4364A8D839730F6 /* libPods-SKAFramework.a in Frameworks */ = {isa = PBXBuildFile; fileRef = C7BC75873FE796878986923B /* libPods-SKAFramework.a */; };
/* End PBXBuildFile section */

/* Begin PBXContainerItemProxy section */
		4E9166841EADA70100B06D4B /* PBXContainerItemProxy */ = {
			isa = PBXContainerItemProxy;
			containerPortal = 4E9166621EADA70000B06D4B /* Project object */;
			proxyType = 1;
			remoteGlobalIDString = 4E9166691EADA70100B06D4B;
			remoteInfo = SKAFramework;
		};
		4E91668F1EADA70100B06D4B /* PBXContainerItemProxy */ = {
			isa = PBXContainerItemProxy;
			containerPortal = 4E9166621EADA70000B06D4B /* Project object */;
			proxyType = 1;
			remoteGlobalIDString = 4E9166691EADA70100B06D4B;
			remoteInfo = SKAFramework;
		};
/* End PBXContainerItemProxy section */

/* Begin PBXFileReference section */
		016FA9D374C3463BD9720160 /* Pods-SKAFramework.debug.xcconfig */ = {isa = PBXFileReference; includeInIndex = 1; lastKnownFileType = text.xcconfig; name = "Pods-SKAFramework.debug.xcconfig"; path = "Pods/Target Support Files/Pods-SKAFramework/Pods-SKAFramework.debug.xcconfig"; sourceTree = "<group>"; };
		0258532E1ED809E1009E78DE /* SKALoginIN.h */ = {isa = PBXFileReference; fileEncoding = 4; lastKnownFileType = sourcecode.c.h; path = SKALoginIN.h; sourceTree = "<group>"; };
		0258532F1ED809E1009E78DE /* SKALoginIN.m */ = {isa = PBXFileReference; fileEncoding = 4; lastKnownFileType = sourcecode.c.objc; path = SKALoginIN.m; sourceTree = "<group>"; };
		025853311ED81BB2009E78DE /* LoginM.h */ = {isa = PBXFileReference; fileEncoding = 4; lastKnownFileType = sourcecode.c.h; path = LoginM.h; sourceTree = "<group>"; };
		025853321ED81BB2009E78DE /* LoginM.m */ = {isa = PBXFileReference; fileEncoding = 4; lastKnownFileType = sourcecode.c.objc; path = LoginM.m; sourceTree = "<group>"; };
		025853351ED8244B009E78DE /* VC配置.plist */ = {isa = PBXFileReference; fileEncoding = 4; lastKnownFileType = text.plist.xml; path = "VC配置.plist"; sourceTree = "<group>"; };
		02650B5C1EB1CD7D001B02D0 /* UILabel+SKA.h */ = {isa = PBXFileReference; fileEncoding = 4; lastKnownFileType = sourcecode.c.h; path = "UILabel+SKA.h"; sourceTree = "<group>"; };
		02650B5D1EB1CD7D001B02D0 /* UILabel+SKA.m */ = {isa = PBXFileReference; fileEncoding = 4; lastKnownFileType = sourcecode.c.objc; path = "UILabel+SKA.m"; sourceTree = "<group>"; };
		02650B5F1EB1CEAB001B02D0 /* UITextView+SKA.h */ = {isa = PBXFileReference; fileEncoding = 4; lastKnownFileType = sourcecode.c.h; path = "UITextView+SKA.h"; sourceTree = "<group>"; };
		02650B601EB1CEAB001B02D0 /* UITextView+SKA.m */ = {isa = PBXFileReference; fileEncoding = 4; lastKnownFileType = sourcecode.c.objc; path = "UITextView+SKA.m"; sourceTree = "<group>"; };
		02650B621EB1DB8F001B02D0 /* UITextField+SKA.h */ = {isa = PBXFileReference; fileEncoding = 4; lastKnownFileType = sourcecode.c.h; path = "UITextField+SKA.h"; sourceTree = "<group>"; };
		02650B631EB1DB8F001B02D0 /* UITextField+SKA.m */ = {isa = PBXFileReference; fileEncoding = 4; lastKnownFileType = sourcecode.c.objc; path = "UITextField+SKA.m"; sourceTree = "<group>"; };
		02650B651EB1E6C9001B02D0 /* NSArray+SKA.h */ = {isa = PBXFileReference; fileEncoding = 4; lastKnownFileType = sourcecode.c.h; path = "NSArray+SKA.h"; sourceTree = "<group>"; };
		02650B661EB1E6C9001B02D0 /* NSArray+SKA.m */ = {isa = PBXFileReference; fileEncoding = 4; lastKnownFileType = sourcecode.c.objc; path = "NSArray+SKA.m"; sourceTree = "<group>"; };
		02650B681EB1E80B001B02D0 /* NSDate+SKA.h */ = {isa = PBXFileReference; fileEncoding = 4; lastKnownFileType = sourcecode.c.h; path = "NSDate+SKA.h"; sourceTree = "<group>"; };
		02650B691EB1E80B001B02D0 /* NSDate+SKA.m */ = {isa = PBXFileReference; fileEncoding = 4; lastKnownFileType = sourcecode.c.objc; path = "NSDate+SKA.m"; sourceTree = "<group>"; };
		02650B6B1EB1E86E001B02D0 /* NSDictionary+SKA.h */ = {isa = PBXFileReference; fileEncoding = 4; lastKnownFileType = sourcecode.c.h; path = "NSDictionary+SKA.h"; sourceTree = "<group>"; };
		02650B6C1EB1E86E001B02D0 /* NSDictionary+SKA.m */ = {isa = PBXFileReference; fileEncoding = 4; lastKnownFileType = sourcecode.c.objc; path = "NSDictionary+SKA.m"; sourceTree = "<group>"; };
		02650B6E1EB1E8AD001B02D0 /* NSString+SKA.h */ = {isa = PBXFileReference; fileEncoding = 4; lastKnownFileType = sourcecode.c.h; path = "NSString+SKA.h"; sourceTree = "<group>"; };
		02650B6F1EB1E8AD001B02D0 /* NSString+SKA.m */ = {isa = PBXFileReference; fileEncoding = 4; lastKnownFileType = sourcecode.c.objc; path = "NSString+SKA.m"; sourceTree = "<group>"; };
		02650B711EB1E97B001B02D0 /* UIImageView+SKA.h */ = {isa = PBXFileReference; fileEncoding = 4; lastKnownFileType = sourcecode.c.h; path = "UIImageView+SKA.h"; sourceTree = "<group>"; };
		02650B721EB1E97B001B02D0 /* UIImageView+SKA.m */ = {isa = PBXFileReference; fileEncoding = 4; lastKnownFileType = sourcecode.c.objc; path = "UIImageView+SKA.m"; sourceTree = "<group>"; };
		028131531ED6CBC100C9FC84 /* SKABaseInterfactor.h */ = {isa = PBXFileReference; fileEncoding = 4; lastKnownFileType = sourcecode.c.h; path = SKABaseInterfactor.h; sourceTree = "<group>"; };
		028131541ED6CBC100C9FC84 /* SKABaseInterfactor.m */ = {isa = PBXFileReference; fileEncoding = 4; lastKnownFileType = sourcecode.c.objc; path = SKABaseInterfactor.m; sourceTree = "<group>"; };
		028131561ED6CBE100C9FC84 /* SKAInterfactorHeader.h */ = {isa = PBXFileReference; lastKnownFileType = sourcecode.c.h; path = SKAInterfactorHeader.h; sourceTree = "<group>"; };
		028131581ED6D7D900C9FC84 /* SKAPresenterHeader.h */ = {isa = PBXFileReference; lastKnownFileType = sourcecode.c.h; path = SKAPresenterHeader.h; sourceTree = "<group>"; };
		0281595C1EC97498009A25E0 /* UIViewController+Route.h */ = {isa = PBXFileReference; fileEncoding = 4; lastKnownFileType = sourcecode.c.h; path = "UIViewController+Route.h"; sourceTree = "<group>"; };
		0281595D1EC97498009A25E0 /* UIViewController+Route.m */ = {isa = PBXFileReference; fileEncoding = 4; lastKnownFileType = sourcecode.c.objc; path = "UIViewController+Route.m"; sourceTree = "<group>"; };
		0281595F1EC98AAC009A25E0 /* AC.h */ = {isa = PBXFileReference; fileEncoding = 4; lastKnownFileType = sourcecode.c.h; path = AC.h; sourceTree = "<group>"; };
		028159601EC98AAC009A25E0 /* AC.m */ = {isa = PBXFileReference; fileEncoding = 4; lastKnownFileType = sourcecode.c.objc; path = AC.m; sourceTree = "<group>"; };
		028AC2F41EC9AAD70099C0C1 /* SKAPresentationView.h */ = {isa = PBXFileReference; fileEncoding = 4; lastKnownFileType = sourcecode.c.h; path = SKAPresentationView.h; sourceTree = "<group>"; };
		028AC2F51EC9AAD70099C0C1 /* SKAPresentationView.m */ = {isa = PBXFileReference; fileEncoding = 4; lastKnownFileType = sourcecode.c.objc; path = SKAPresentationView.m; sourceTree = "<group>"; };
		02A678C81ECA94430062EAD2 /* UINavigationController+SKA.h */ = {isa = PBXFileReference; fileEncoding = 4; lastKnownFileType = sourcecode.c.h; path = "UINavigationController+SKA.h"; sourceTree = "<group>"; };
		02A678C91ECA94430062EAD2 /* UINavigationController+SKA.m */ = {isa = PBXFileReference; fileEncoding = 4; lastKnownFileType = sourcecode.c.objc; path = "UINavigationController+SKA.m"; sourceTree = "<group>"; };
		02A678D41ECAAA0C0062EAD2 /* SKAAppConfig.h */ = {isa = PBXFileReference; lastKnownFileType = sourcecode.c.h; path = SKAAppConfig.h; sourceTree = "<group>"; };
		02A678D51ECAAA370062EAD2 /* SKANetWorkConfig.h */ = {isa = PBXFileReference; lastKnownFileType = sourcecode.c.h; path = SKANetWorkConfig.h; sourceTree = "<group>"; };
		02A678D61ECAAA620062EAD2 /* SKABaseConfig.h */ = {isa = PBXFileReference; fileEncoding = 4; lastKnownFileType = sourcecode.c.h; path = SKABaseConfig.h; sourceTree = "<group>"; };
		02A678D81ECAACAA0062EAD2 /* SKABaseController.h */ = {isa = PBXFileReference; fileEncoding = 4; lastKnownFileType = sourcecode.c.h; path = SKABaseController.h; sourceTree = "<group>"; };
		02A678D91ECAACAA0062EAD2 /* SKABaseController.m */ = {isa = PBXFileReference; fileEncoding = 4; lastKnownFileType = sourcecode.c.objc; path = SKABaseController.m; sourceTree = "<group>"; };
		02A678DB1ECAACBD0062EAD2 /* SKABaseTestPresenter.h */ = {isa = PBXFileReference; fileEncoding = 4; lastKnownFileType = sourcecode.c.h; path = SKABaseTestPresenter.h; sourceTree = "<group>"; };
		02A678DC1ECAACBD0062EAD2 /* SKABaseTestPresenter.m */ = {isa = PBXFileReference; fileEncoding = 4; lastKnownFileType = sourcecode.c.objc; path = SKABaseTestPresenter.m; sourceTree = "<group>"; };
		02A678DF1ECAAD9C0062EAD2 /* AppDelegate+FirstLaunch.h */ = {isa = PBXFileReference; fileEncoding = 4; lastKnownFileType = sourcecode.c.h; path = "AppDelegate+FirstLaunch.h"; sourceTree = "<group>"; };
		02A678E01ECAAD9C0062EAD2 /* AppDelegate+FirstLaunch.m */ = {isa = PBXFileReference; fileEncoding = 4; lastKnownFileType = sourcecode.c.objc; path = "AppDelegate+FirstLaunch.m"; sourceTree = "<group>"; };
		02A678E11ECAAD9C0062EAD2 /* AppDelegate+MainVC.h */ = {isa = PBXFileReference; fileEncoding = 4; lastKnownFileType = sourcecode.c.h; path = "AppDelegate+MainVC.h"; sourceTree = "<group>"; };
		02A678E21ECAAD9C0062EAD2 /* AppDelegate+MainVC.m */ = {isa = PBXFileReference; fileEncoding = 4; lastKnownFileType = sourcecode.c.objc; path = "AppDelegate+MainVC.m"; sourceTree = "<group>"; };
		02A678F11ECAAF8F0062EAD2 /* SKANetWorkInterfaceHeader.h */ = {isa = PBXFileReference; fileEncoding = 4; lastKnownFileType = sourcecode.c.h; path = SKANetWorkInterfaceHeader.h; sourceTree = "<group>"; };
		02A678F21ECAAF8F0062EAD2 /* SKANetWorkInterface.h */ = {isa = PBXFileReference; fileEncoding = 4; lastKnownFileType = sourcecode.c.h; path = SKANetWorkInterface.h; sourceTree = "<group>"; };
		02A678F31ECAAF8F0062EAD2 /* SKANetWorkInterface.m */ = {isa = PBXFileReference; fileEncoding = 4; lastKnownFileType = sourcecode.c.objc; path = SKANetWorkInterface.m; sourceTree = "<group>"; };
		02A678F41ECAAF8F0062EAD2 /* UIViewController+SKANetInterfactor.h */ = {isa = PBXFileReference; fileEncoding = 4; lastKnownFileType = sourcecode.c.h; path = "UIViewController+SKANetInterfactor.h"; sourceTree = "<group>"; };
		02A678F51ECAAF8F0062EAD2 /* UIViewController+SKANetInterfactor.m */ = {isa = PBXFileReference; fileEncoding = 4; lastKnownFileType = sourcecode.c.objc; path = "UIViewController+SKANetInterfactor.m"; sourceTree = "<group>"; };
		02A678F81ECAAFE50062EAD2 /* NSDictionary+NilString.h */ = {isa = PBXFileReference; fileEncoding = 4; lastKnownFileType = sourcecode.c.h; path = "NSDictionary+NilString.h"; sourceTree = "<group>"; };
		02A678F91ECAAFE50062EAD2 /* NSDictionary+NilString.m */ = {isa = PBXFileReference; fileEncoding = 4; lastKnownFileType = sourcecode.c.objc; path = "NSDictionary+NilString.m"; sourceTree = "<group>"; };
		02A678FC1ECAB00B0062EAD2 /* SKANetWorkInterface+Cache.h */ = {isa = PBXFileReference; fileEncoding = 4; lastKnownFileType = sourcecode.c.h; path = "SKANetWorkInterface+Cache.h"; sourceTree = "<group>"; };
		02A678FD1ECAB00B0062EAD2 /* SKANetWorkInterface+Cache.m */ = {isa = PBXFileReference; fileEncoding = 4; lastKnownFileType = sourcecode.c.objc; path = "SKANetWorkInterface+Cache.m"; sourceTree = "<group>"; };
		02A678FE1ECAB00B0062EAD2 /* SKANetWorkInterfaceRealm.h */ = {isa = PBXFileReference; fileEncoding = 4; lastKnownFileType = sourcecode.c.h; path = SKANetWorkInterfaceRealm.h; sourceTree = "<group>"; };
		02A678FF1ECAB00B0062EAD2 /* SKANetWorkInterfaceRealm.m */ = {isa = PBXFileReference; fileEncoding = 4; lastKnownFileType = sourcecode.c.objc; path = SKANetWorkInterfaceRealm.m; sourceTree = "<group>"; };
		02A679031ECAB04C0062EAD2 /* SKANetWorkInterface+Log.h */ = {isa = PBXFileReference; fileEncoding = 4; lastKnownFileType = sourcecode.c.h; path = "SKANetWorkInterface+Log.h"; sourceTree = "<group>"; };
		02A679041ECAB04C0062EAD2 /* SKANetWorkInterface+Log.m */ = {isa = PBXFileReference; fileEncoding = 4; lastKnownFileType = sourcecode.c.objc; path = "SKANetWorkInterface+Log.m"; sourceTree = "<group>"; };
		02A679051ECAB04C0062EAD2 /* SKANetWorkLogRealm.h */ = {isa = PBXFileReference; fileEncoding = 4; lastKnownFileType = sourcecode.c.h; path = SKANetWorkLogRealm.h; sourceTree = "<group>"; };
		02A679061ECAB04C0062EAD2 /* SKANetWorkLogRealm.m */ = {isa = PBXFileReference; fileEncoding = 4; lastKnownFileType = sourcecode.c.objc; path = SKANetWorkLogRealm.m; sourceTree = "<group>"; };
		02A6790D1ECAB2EE0062EAD2 /* NSArray+SKACache.h */ = {isa = PBXFileReference; fileEncoding = 4; lastKnownFileType = sourcecode.c.h; path = "NSArray+SKACache.h"; sourceTree = "<group>"; };
		02A6790E1ECAB2EE0062EAD2 /* NSArray+SKACache.m */ = {isa = PBXFileReference; fileEncoding = 4; lastKnownFileType = sourcecode.c.objc; path = "NSArray+SKACache.m"; sourceTree = "<group>"; };
		02A6790F1ECAB2EE0062EAD2 /* NSDictionary+SKACache.h */ = {isa = PBXFileReference; fileEncoding = 4; lastKnownFileType = sourcecode.c.h; path = "NSDictionary+SKACache.h"; sourceTree = "<group>"; };
		02A679101ECAB2EE0062EAD2 /* NSDictionary+SKACache.m */ = {isa = PBXFileReference; fileEncoding = 4; lastKnownFileType = sourcecode.c.objc; path = "NSDictionary+SKACache.m"; sourceTree = "<group>"; };
		02A679111ECAB2EE0062EAD2 /* NSString+SKACache.h */ = {isa = PBXFileReference; fileEncoding = 4; lastKnownFileType = sourcecode.c.h; path = "NSString+SKACache.h"; sourceTree = "<group>"; };
		02A679121ECAB2EE0062EAD2 /* NSString+SKACache.m */ = {isa = PBXFileReference; fileEncoding = 4; lastKnownFileType = sourcecode.c.objc; path = "NSString+SKACache.m"; sourceTree = "<group>"; };
		02A679481ECAC7530062EAD2 /* libz.tbd */ = {isa = PBXFileReference; lastKnownFileType = "sourcecode.text-based-dylib-definition"; name = libz.tbd; path = usr/lib/libz.tbd; sourceTree = SDKROOT; };
		02A6794A1ECAC7570062EAD2 /* libc++.tbd */ = {isa = PBXFileReference; lastKnownFileType = "sourcecode.text-based-dylib-definition"; name = "libc++.tbd"; path = "usr/lib/libc++.tbd"; sourceTree = SDKROOT; };
		02A6794C1ECACF7B0062EAD2 /* SKABaiduMapAnnotationModel.h */ = {isa = PBXFileReference; fileEncoding = 4; lastKnownFileType = sourcecode.c.h; path = SKABaiduMapAnnotationModel.h; sourceTree = "<group>"; };
		02A6794D1ECACF7B0062EAD2 /* SKABaiduMapAnnotationModel.m */ = {isa = PBXFileReference; fileEncoding = 4; lastKnownFileType = sourcecode.c.objc; path = SKABaiduMapAnnotationModel.m; sourceTree = "<group>"; };
		02A6794E1ECACF7B0062EAD2 /* SKABaiduMapAnnotationView.h */ = {isa = PBXFileReference; fileEncoding = 4; lastKnownFileType = sourcecode.c.h; path = SKABaiduMapAnnotationView.h; sourceTree = "<group>"; };
		02A6794F1ECACF7B0062EAD2 /* SKABaiduMapAnnotationView.m */ = {isa = PBXFileReference; fileEncoding = 4; lastKnownFileType = sourcecode.c.objc; path = SKABaiduMapAnnotationView.m; sourceTree = "<group>"; };
		02A679531ECACFBE0062EAD2 /* SKABaiduMap.h */ = {isa = PBXFileReference; fileEncoding = 4; lastKnownFileType = sourcecode.c.h; path = SKABaiduMap.h; sourceTree = "<group>"; };
		02A679541ECACFBE0062EAD2 /* SKABaiduMap.m */ = {isa = PBXFileReference; fileEncoding = 4; lastKnownFileType = sourcecode.c.objc; path = SKABaiduMap.m; sourceTree = "<group>"; };
		02A679561ECAD2870062EAD2 /* AppDelegate+SKA.h */ = {isa = PBXFileReference; fileEncoding = 4; lastKnownFileType = sourcecode.c.h; path = "AppDelegate+SKA.h"; sourceTree = "<group>"; };
		02A679571ECAD2870062EAD2 /* AppDelegate+SKA.m */ = {isa = PBXFileReference; fileEncoding = 4; lastKnownFileType = sourcecode.c.objc; path = "AppDelegate+SKA.m"; sourceTree = "<group>"; };
		02A6795A1ECAD3660062EAD2 /* SKAColorHeader.h */ = {isa = PBXFileReference; fileEncoding = 4; lastKnownFileType = sourcecode.c.h; name = SKAColorHeader.h; path = UI/UIColor/SKAColorHeader.h; sourceTree = "<group>"; };
		02A6795B1ECAE2E20062EAD2 /* NaviC.h */ = {isa = PBXFileReference; fileEncoding = 4; lastKnownFileType = sourcecode.c.h; path = NaviC.h; sourceTree = "<group>"; };
		02A6795C1ECAE2E20062EAD2 /* NaviC.m */ = {isa = PBXFileReference; fileEncoding = 4; lastKnownFileType = sourcecode.c.objc; path = NaviC.m; sourceTree = "<group>"; };
		02A6795E1ECAE6320062EAD2 /* UIImage+SKA.h */ = {isa = PBXFileReference; fileEncoding = 4; lastKnownFileType = sourcecode.c.h; path = "UIImage+SKA.h"; sourceTree = "<group>"; };
		02A6795F1ECAE6320062EAD2 /* UIImage+SKA.m */ = {isa = PBXFileReference; fileEncoding = 4; lastKnownFileType = sourcecode.c.objc; path = "UIImage+SKA.m"; sourceTree = "<group>"; };
		02A679611ECAE6800062EAD2 /* SKALogHeader.h */ = {isa = PBXFileReference; fileEncoding = 4; lastKnownFileType = sourcecode.c.h; path = SKALogHeader.h; sourceTree = "<group>"; };
		02A679621ECAE71D0062EAD2 /* SKAUIDatePicker.h */ = {isa = PBXFileReference; fileEncoding = 4; lastKnownFileType = sourcecode.c.h; path = SKAUIDatePicker.h; sourceTree = "<group>"; };
		02A679631ECAE71D0062EAD2 /* SKAUIDatePicker.m */ = {isa = PBXFileReference; fileEncoding = 4; lastKnownFileType = sourcecode.c.objc; path = SKAUIDatePicker.m; sourceTree = "<group>"; };
		02A679651ECAECB20062EAD2 /* SKACityPickerView.h */ = {isa = PBXFileReference; fileEncoding = 4; lastKnownFileType = sourcecode.c.h; path = SKACityPickerView.h; sourceTree = "<group>"; };
		02A679661ECAECB20062EAD2 /* SKASCityPickerView.m */ = {isa = PBXFileReference; fileEncoding = 4; lastKnownFileType = sourcecode.c.objc; path = SKASCityPickerView.m; sourceTree = "<group>"; };
		02A679671ECAECB20062EAD2 /* SKACitys.plist */ = {isa = PBXFileReference; fileEncoding = 4; lastKnownFileType = text.plist.xml; path = SKACitys.plist; sourceTree = "<group>"; };
		02A679681ECAECB20062EAD2 /* SKAMorePickerView.h */ = {isa = PBXFileReference; fileEncoding = 4; lastKnownFileType = sourcecode.c.h; path = SKAMorePickerView.h; sourceTree = "<group>"; };
		02A679691ECAECB20062EAD2 /* SKAMorePickerView.m */ = {isa = PBXFileReference; fileEncoding = 4; lastKnownFileType = sourcecode.c.objc; path = SKAMorePickerView.m; sourceTree = "<group>"; };
		02A6796A1ECAECB20062EAD2 /* SKAUIPickerView.h */ = {isa = PBXFileReference; fileEncoding = 4; lastKnownFileType = sourcecode.c.h; path = SKAUIPickerView.h; sourceTree = "<group>"; };
		02A6796B1ECAECB20062EAD2 /* SKAUIPickerView.m */ = {isa = PBXFileReference; fileEncoding = 4; lastKnownFileType = sourcecode.c.objc; path = SKAUIPickerView.m; sourceTree = "<group>"; };
		02DDA0FF1ECD2DA00010AAA0 /* SKABaseCSS.h */ = {isa = PBXFileReference; fileEncoding = 4; lastKnownFileType = sourcecode.c.h; path = SKABaseCSS.h; sourceTree = "<group>"; };
		02DDA1001ECD2DA00010AAA0 /* SKABaseCSS.m */ = {isa = PBXFileReference; fileEncoding = 4; lastKnownFileType = sourcecode.c.objc; path = SKABaseCSS.m; sourceTree = "<group>"; };
		02DDA1021ECD2FC60010AAA0 /* SKABaseColorFont.h */ = {isa = PBXFileReference; lastKnownFileType = sourcecode.c.h; path = SKABaseColorFont.h; sourceTree = "<group>"; };
		02DDA1031ECD30D80010AAA0 /* SKATableViewHeader.h */ = {isa = PBXFileReference; fileEncoding = 4; lastKnownFileType = sourcecode.c.h; path = SKATableViewHeader.h; sourceTree = "<group>"; };
		02DDA1041ECD30F10010AAA0 /* SKABaseTableView+Edit.h */ = {isa = PBXFileReference; fileEncoding = 4; lastKnownFileType = sourcecode.c.h; path = "SKABaseTableView+Edit.h"; sourceTree = "<group>"; };
		02DDA1051ECD30F10010AAA0 /* SKABaseTableView+Edit.m */ = {isa = PBXFileReference; fileEncoding = 4; lastKnownFileType = sourcecode.c.objc; path = "SKABaseTableView+Edit.m"; sourceTree = "<group>"; };
		02DDA1061ECD30F10010AAA0 /* SKABaseTableView.h */ = {isa = PBXFileReference; fileEncoding = 4; lastKnownFileType = sourcecode.c.h; path = SKABaseTableView.h; sourceTree = "<group>"; };
		02DDA1071ECD30F10010AAA0 /* SKABaseTableView.m */ = {isa = PBXFileReference; fileEncoding = 4; lastKnownFileType = sourcecode.c.objc; path = SKABaseTableView.m; sourceTree = "<group>"; };
		02DDA1081ECD30F10010AAA0 /* SKATableViewCell.h */ = {isa = PBXFileReference; fileEncoding = 4; lastKnownFileType = sourcecode.c.h; path = SKATableViewCell.h; sourceTree = "<group>"; };
		02DDA1091ECD30F10010AAA0 /* SKATableViewCell.m */ = {isa = PBXFileReference; fileEncoding = 4; lastKnownFileType = sourcecode.c.objc; path = SKATableViewCell.m; sourceTree = "<group>"; };
		02DDA10A1ECD30F10010AAA0 /* SKATableViewModel.h */ = {isa = PBXFileReference; fileEncoding = 4; lastKnownFileType = sourcecode.c.h; path = SKATableViewModel.h; sourceTree = "<group>"; };
		02DDA10B1ECD30F10010AAA0 /* SKATableViewModel.m */ = {isa = PBXFileReference; fileEncoding = 4; lastKnownFileType = sourcecode.c.objc; path = SKATableViewModel.m; sourceTree = "<group>"; };
		02DDA1111ECD314A0010AAA0 /* SKATableView.h */ = {isa = PBXFileReference; fileEncoding = 4; lastKnownFileType = sourcecode.c.h; path = SKATableView.h; sourceTree = "<group>"; };
		02DDA1121ECD314A0010AAA0 /* SKATableView.m */ = {isa = PBXFileReference; fileEncoding = 4; lastKnownFileType = sourcecode.c.objc; path = SKATableView.m; sourceTree = "<group>"; };
		02DDA1131ECD314A0010AAA0 /* SKATableViewH.h */ = {isa = PBXFileReference; fileEncoding = 4; lastKnownFileType = sourcecode.c.h; path = SKATableViewH.h; sourceTree = "<group>"; };
		02DDA1141ECD314A0010AAA0 /* SKATableViewH.m */ = {isa = PBXFileReference; fileEncoding = 4; lastKnownFileType = sourcecode.c.objc; path = SKATableViewH.m; sourceTree = "<group>"; };
		02DDA1181ECD317D0010AAA0 /* SKATableViewSection.h */ = {isa = PBXFileReference; fileEncoding = 4; lastKnownFileType = sourcecode.c.h; path = SKATableViewSection.h; sourceTree = "<group>"; };
		02DDA1191ECD317D0010AAA0 /* SKATableViewSection.m */ = {isa = PBXFileReference; fileEncoding = 4; lastKnownFileType = sourcecode.c.objc; path = SKATableViewSection.m; sourceTree = "<group>"; };
		02DDA11A1ECD317D0010AAA0 /* SKATableViewSectionModel.h */ = {isa = PBXFileReference; fileEncoding = 4; lastKnownFileType = sourcecode.c.h; path = SKATableViewSectionModel.h; sourceTree = "<group>"; };
		02DDA11B1ECD317D0010AAA0 /* SKATableViewSectionModel.m */ = {isa = PBXFileReference; fileEncoding = 4; lastKnownFileType = sourcecode.c.objc; path = SKATableViewSectionModel.m; sourceTree = "<group>"; };
		02DDA11C1ECD317D0010AAA0 /* SKATableViewSectionView.h */ = {isa = PBXFileReference; fileEncoding = 4; lastKnownFileType = sourcecode.c.h; path = SKATableViewSectionView.h; sourceTree = "<group>"; };
		02DDA11D1ECD317D0010AAA0 /* SKATableViewSectionView.m */ = {isa = PBXFileReference; fileEncoding = 4; lastKnownFileType = sourcecode.c.objc; path = SKATableViewSectionView.m; sourceTree = "<group>"; };
		02DDA1221ECD37B40010AAA0 /* AppDelegate+SKABaiduMap.h */ = {isa = PBXFileReference; fileEncoding = 4; lastKnownFileType = sourcecode.c.h; path = "AppDelegate+SKABaiduMap.h"; sourceTree = "<group>"; };
		02DDA1231ECD37B40010AAA0 /* AppDelegate+SKABaiduMap.m */ = {isa = PBXFileReference; fileEncoding = 4; lastKnownFileType = sourcecode.c.objc; path = "AppDelegate+SKABaiduMap.m"; sourceTree = "<group>"; };
		02DDA1261ECD38FD0010AAA0 /* SKAGuidanceView.h */ = {isa = PBXFileReference; fileEncoding = 4; lastKnownFileType = sourcecode.c.h; path = SKAGuidanceView.h; sourceTree = "<group>"; };
		02DDA1271ECD38FD0010AAA0 /* SKAGuidanceView.m */ = {isa = PBXFileReference; fileEncoding = 4; lastKnownFileType = sourcecode.c.objc; path = SKAGuidanceView.m; sourceTree = "<group>"; };
		02DDA12A1ECD39590010AAA0 /* SKAWaveImageView.h */ = {isa = PBXFileReference; fileEncoding = 4; lastKnownFileType = sourcecode.c.h; path = SKAWaveImageView.h; sourceTree = "<group>"; };
		02DDA12B1ECD39590010AAA0 /* SKAWaveImageView.m */ = {isa = PBXFileReference; fileEncoding = 4; lastKnownFileType = sourcecode.c.objc; path = SKAWaveImageView.m; sourceTree = "<group>"; };
		02DDA1301ECD3EA50010AAA0 /* SKAAliyunHeader.h */ = {isa = PBXFileReference; fileEncoding = 4; lastKnownFileType = sourcecode.c.h; path = SKAAliyunHeader.h; sourceTree = "<group>"; };
		02DDA1311ECD3ECB0010AAA0 /* SKASts.h */ = {isa = PBXFileReference; fileEncoding = 4; lastKnownFileType = sourcecode.c.h; path = SKASts.h; sourceTree = "<group>"; };
		02DDA1321ECD3ECB0010AAA0 /* SKASts.m */ = {isa = PBXFileReference; fileEncoding = 4; lastKnownFileType = sourcecode.c.objc; path = SKASts.m; sourceTree = "<group>"; };
		02DDA1331ECD3ECB0010AAA0 /* SKAStsInterface.h */ = {isa = PBXFileReference; fileEncoding = 4; lastKnownFileType = sourcecode.c.h; path = SKAStsInterface.h; sourceTree = "<group>"; };
		02DDA1341ECD3ECB0010AAA0 /* SKAStsInterface.m */ = {isa = PBXFileReference; fileEncoding = 4; lastKnownFileType = sourcecode.c.objc; path = SKAStsInterface.m; sourceTree = "<group>"; };
		02DDA1381ECD41CD0010AAA0 /* NSMutableArray+SKAAliModel.h */ = {isa = PBXFileReference; fileEncoding = 4; lastKnownFileType = sourcecode.c.h; path = "NSMutableArray+SKAAliModel.h"; sourceTree = "<group>"; };
		02DDA1391ECD41CD0010AAA0 /* NSMutableArray+GRAliModel.m */ = {isa = PBXFileReference; fileEncoding = 4; lastKnownFileType = sourcecode.c.objc; path = "NSMutableArray+GRAliModel.m"; sourceTree = "<group>"; };
		02DDA13A1ECD41CD0010AAA0 /* SKAAliyunModel.h */ = {isa = PBXFileReference; fileEncoding = 4; lastKnownFileType = sourcecode.c.h; path = SKAAliyunModel.h; sourceTree = "<group>"; };
		02DDA13B1ECD41CD0010AAA0 /* SKAAliyunModel.m */ = {isa = PBXFileReference; fileEncoding = 4; lastKnownFileType = sourcecode.c.objc; path = SKAAliyunModel.m; sourceTree = "<group>"; };
		02DDA13C1ECD41CD0010AAA0 /* SKAAliyunNetWork.h */ = {isa = PBXFileReference; fileEncoding = 4; lastKnownFileType = sourcecode.c.h; path = SKAAliyunNetWork.h; sourceTree = "<group>"; };
		02DDA13D1ECD41CD0010AAA0 /* SKAAliyunNetWork.m */ = {isa = PBXFileReference; fileEncoding = 4; lastKnownFileType = sourcecode.c.objc; path = SKAAliyunNetWork.m; sourceTree = "<group>"; };
		02DDA1421ECD42E10010AAA0 /* SKABaseModel.h */ = {isa = PBXFileReference; fileEncoding = 4; lastKnownFileType = sourcecode.c.h; path = SKABaseModel.h; sourceTree = "<group>"; };
		02DDA1431ECD42E10010AAA0 /* SKABaseModel.m */ = {isa = PBXFileReference; fileEncoding = 4; lastKnownFileType = sourcecode.c.objc; path = SKABaseModel.m; sourceTree = "<group>"; };
		02DDA1461ECD43410010AAA0 /* SKANumber.h */ = {isa = PBXFileReference; fileEncoding = 4; lastKnownFileType = sourcecode.c.h; path = SKANumber.h; sourceTree = "<group>"; };
		02DDA1471ECD43410010AAA0 /* SKANumber.m */ = {isa = PBXFileReference; fileEncoding = 4; lastKnownFileType = sourcecode.c.objc; path = SKANumber.m; sourceTree = "<group>"; };
		02DDA1491ECD47220010AAA0 /* SKABaseNaviVC.h */ = {isa = PBXFileReference; fileEncoding = 4; lastKnownFileType = sourcecode.c.h; path = SKABaseNaviVC.h; sourceTree = "<group>"; };
		02DDA14A1ECD47220010AAA0 /* SKABaseNaviVC.m */ = {isa = PBXFileReference; fileEncoding = 4; lastKnownFileType = sourcecode.c.objc; path = SKABaseNaviVC.m; sourceTree = "<group>"; };
		02DDA14C1ECD4AFC0010AAA0 /* UIViewController+SKAPresenter.h */ = {isa = PBXFileReference; fileEncoding = 4; lastKnownFileType = sourcecode.c.h; path = "UIViewController+SKAPresenter.h"; sourceTree = "<group>"; };
		02DDA14D1ECD4AFC0010AAA0 /* UIViewController+SKAPresenter.m */ = {isa = PBXFileReference; fileEncoding = 4; lastKnownFileType = sourcecode.c.objc; path = "UIViewController+SKAPresenter.m"; sourceTree = "<group>"; };
		02DDA1501ECD6CE20010AAA0 /* UIView+SKABase.h */ = {isa = PBXFileReference; fileEncoding = 4; lastKnownFileType = sourcecode.c.h; path = "UIView+SKABase.h"; sourceTree = "<group>"; };
		02DDA1511ECD6CE20010AAA0 /* UIView+SKABase.m */ = {isa = PBXFileReference; fileEncoding = 4; lastKnownFileType = sourcecode.c.objc; path = "UIView+SKABase.m"; sourceTree = "<group>"; };
		4E91666A1EADA70100B06D4B /* SKAFramework.app */ = {isa = PBXFileReference; explicitFileType = wrapper.application; includeInIndex = 0; path = SKAFramework.app; sourceTree = BUILT_PRODUCTS_DIR; };
		4E91666E1EADA70100B06D4B /* main.m */ = {isa = PBXFileReference; lastKnownFileType = sourcecode.c.objc; path = main.m; sourceTree = "<group>"; };
		4E9166701EADA70100B06D4B /* AppDelegate.h */ = {isa = PBXFileReference; lastKnownFileType = sourcecode.c.h; path = AppDelegate.h; sourceTree = "<group>"; };
		4E9166711EADA70100B06D4B /* AppDelegate.m */ = {isa = PBXFileReference; lastKnownFileType = sourcecode.c.objc; path = AppDelegate.m; sourceTree = "<group>"; };
		4E9166731EADA70100B06D4B /* ViewController.h */ = {isa = PBXFileReference; lastKnownFileType = sourcecode.c.h; path = ViewController.h; sourceTree = "<group>"; };
		4E9166741EADA70100B06D4B /* ViewController.m */ = {isa = PBXFileReference; lastKnownFileType = sourcecode.c.objc; path = ViewController.m; sourceTree = "<group>"; };
		4E9166771EADA70100B06D4B /* Base */ = {isa = PBXFileReference; lastKnownFileType = file.storyboard; name = Base; path = Base.lproj/Main.storyboard; sourceTree = "<group>"; };
		4E9166791EADA70100B06D4B /* Assets.xcassets */ = {isa = PBXFileReference; lastKnownFileType = folder.assetcatalog; path = Assets.xcassets; sourceTree = "<group>"; };
		4E91667C1EADA70100B06D4B /* Base */ = {isa = PBXFileReference; lastKnownFileType = file.storyboard; name = Base; path = Base.lproj/LaunchScreen.storyboard; sourceTree = "<group>"; };
		4E91667E1EADA70100B06D4B /* Info.plist */ = {isa = PBXFileReference; lastKnownFileType = text.plist.xml; path = Info.plist; sourceTree = "<group>"; };
		4E9166831EADA70100B06D4B /* SKAFrameworkTests.xctest */ = {isa = PBXFileReference; explicitFileType = wrapper.cfbundle; includeInIndex = 0; path = SKAFrameworkTests.xctest; sourceTree = BUILT_PRODUCTS_DIR; };
		4E9166871EADA70100B06D4B /* SKAFrameworkTests.m */ = {isa = PBXFileReference; lastKnownFileType = sourcecode.c.objc; path = SKAFrameworkTests.m; sourceTree = "<group>"; };
		4E9166891EADA70100B06D4B /* Info.plist */ = {isa = PBXFileReference; lastKnownFileType = text.plist.xml; path = Info.plist; sourceTree = "<group>"; };
		4E91668E1EADA70100B06D4B /* SKAFrameworkUITests.xctest */ = {isa = PBXFileReference; explicitFileType = wrapper.cfbundle; includeInIndex = 0; path = SKAFrameworkUITests.xctest; sourceTree = BUILT_PRODUCTS_DIR; };
		4E9166921EADA70100B06D4B /* SKAFrameworkUITests.m */ = {isa = PBXFileReference; lastKnownFileType = sourcecode.c.objc; path = SKAFrameworkUITests.m; sourceTree = "<group>"; };
		4E9166941EADA70100B06D4B /* Info.plist */ = {isa = PBXFileReference; lastKnownFileType = text.plist.xml; path = Info.plist; sourceTree = "<group>"; };
		4E9167001EADC04700B06D4B /* SKABaseView.h */ = {isa = PBXFileReference; fileEncoding = 4; lastKnownFileType = sourcecode.c.h; path = SKABaseView.h; sourceTree = "<group>"; };
		4E9167011EADC04700B06D4B /* SKABaseView.m */ = {isa = PBXFileReference; fileEncoding = 4; lastKnownFileType = sourcecode.c.objc; path = SKABaseView.m; sourceTree = "<group>"; };
		4E9167091EADC0C400B06D4B /* UIView+SKA.h */ = {isa = PBXFileReference; fileEncoding = 4; lastKnownFileType = sourcecode.c.h; path = "UIView+SKA.h"; sourceTree = "<group>"; };
		4E91670A1EADC0C400B06D4B /* UIView+SKA.m */ = {isa = PBXFileReference; fileEncoding = 4; lastKnownFileType = sourcecode.c.objc; path = "UIView+SKA.m"; sourceTree = "<group>"; };
		4E91670C1EADC17500B06D4B /* SKAVHeader.h */ = {isa = PBXFileReference; lastKnownFileType = sourcecode.c.h; path = SKAVHeader.h; sourceTree = "<group>"; };
		4E91670D1EADC1B000B06D4B /* PrefixHeader.pch */ = {isa = PBXFileReference; lastKnownFileType = sourcecode.c.h; path = PrefixHeader.pch; sourceTree = "<group>"; };
		4E91670E1EADDF5700B06D4B /* UIButton+SKA.h */ = {isa = PBXFileReference; fileEncoding = 4; lastKnownFileType = sourcecode.c.h; path = "UIButton+SKA.h"; sourceTree = "<group>"; };
		4E91670F1EADDF5700B06D4B /* UIButton+SKA.m */ = {isa = PBXFileReference; fileEncoding = 4; lastKnownFileType = sourcecode.c.objc; path = "UIButton+SKA.m"; sourceTree = "<group>"; };
		4E9167111EADE42200B06D4B /* SKANSHeader.h */ = {isa = PBXFileReference; lastKnownFileType = sourcecode.c.h; path = SKANSHeader.h; sourceTree = "<group>"; };
		4E9167151EADF57600B06D4B /* SKAAlertController.h */ = {isa = PBXFileReference; fileEncoding = 4; lastKnownFileType = sourcecode.c.h; path = SKAAlertController.h; sourceTree = "<group>"; };
		4E9167161EADF57600B06D4B /* SKAAlertController.m */ = {isa = PBXFileReference; fileEncoding = 4; lastKnownFileType = sourcecode.c.objc; path = SKAAlertController.m; sourceTree = "<group>"; };
		4E9167181EADFF9200B06D4B /* SKAAlertSheet.h */ = {isa = PBXFileReference; fileEncoding = 4; lastKnownFileType = sourcecode.c.h; path = SKAAlertSheet.h; sourceTree = "<group>"; };
		4E9167191EADFF9200B06D4B /* SKAAlertSheet.m */ = {isa = PBXFileReference; fileEncoding = 4; lastKnownFileType = sourcecode.c.objc; path = SKAAlertSheet.m; sourceTree = "<group>"; };
		C7BC75873FE796878986923B /* libPods-SKAFramework.a */ = {isa = PBXFileReference; explicitFileType = archive.ar; includeInIndex = 0; path = "libPods-SKAFramework.a"; sourceTree = BUILT_PRODUCTS_DIR; };
		F4455A114124DF799ECAEB91 /* Pods-SKAFramework.release.xcconfig */ = {isa = PBXFileReference; includeInIndex = 1; lastKnownFileType = text.xcconfig; name = "Pods-SKAFramework.release.xcconfig"; path = "Pods/Target Support Files/Pods-SKAFramework/Pods-SKAFramework.release.xcconfig"; sourceTree = "<group>"; };
/* End PBXFileReference section */

/* Begin PBXFrameworksBuildPhase section */
		4E9166671EADA70100B06D4B /* Frameworks */ = {
			isa = PBXFrameworksBuildPhase;
			buildActionMask = 2147483647;
			files = (
				02A6794B1ECAC7570062EAD2 /* libc++.tbd in Frameworks */,
				02A679491ECAC7530062EAD2 /* libz.tbd in Frameworks */,
				B5724274F4364A8D839730F6 /* libPods-SKAFramework.a in Frameworks */,
			);
			runOnlyForDeploymentPostprocessing = 0;
		};
		4E9166801EADA70100B06D4B /* Frameworks */ = {
			isa = PBXFrameworksBuildPhase;
			buildActionMask = 2147483647;
			files = (
			);
			runOnlyForDeploymentPostprocessing = 0;
		};
		4E91668B1EADA70100B06D4B /* Frameworks */ = {
			isa = PBXFrameworksBuildPhase;
			buildActionMask = 2147483647;
			files = (
			);
			runOnlyForDeploymentPostprocessing = 0;
		};
/* End PBXFrameworksBuildPhase section */

/* Begin PBXGroup section */
		022FB6B91EB2D87400BA029D /* SKAAudio */ = {
			isa = PBXGroup;
			children = (
			);
			path = SKAAudio;
			sourceTree = "<group>";
		};
		025853241ED8078B009E78DE /* 登录 */ = {
			isa = PBXGroup;
			children = (
				0258532E1ED809E1009E78DE /* SKALoginIN.h */,
				0258532F1ED809E1009E78DE /* SKALoginIN.m */,
				025853311ED81BB2009E78DE /* LoginM.h */,
				025853321ED81BB2009E78DE /* LoginM.m */,
			);
			name = "登录";
			sourceTree = "<group>";
		};
		0281314F1ED6C4C100C9FC84 /* 组件 */ = {
			isa = PBXGroup;
			children = (
			);
			name = "组件";
			sourceTree = "<group>";
		};
		028131501ED6C4D100C9FC84 /* 业务 */ = {
			isa = PBXGroup;
			children = (
				025853241ED8078B009E78DE /* 登录 */,
				028131521ED6CA2300C9FC84 /* 用户 */,
			);
			name = "业务";
			sourceTree = "<group>";
		};
		028131511ED6C4E000C9FC84 /* View */ = {
			isa = PBXGroup;
			children = (
			);
			name = View;
			sourceTree = "<group>";
		};
		028131521ED6CA2300C9FC84 /* 用户 */ = {
			isa = PBXGroup;
			children = (
			);
			name = "用户";
			sourceTree = "<group>";
		};
		028131571ED6CC2C00C9FC84 /* NaviC */ = {
			isa = PBXGroup;
			children = (
				02DDA1491ECD47220010AAA0 /* SKABaseNaviVC.h */,
				02DDA14A1ECD47220010AAA0 /* SKABaseNaviVC.m */,
			);
			name = NaviC;
			path = ..;
			sourceTree = "<group>";
		};
		02A678CB1ECAA8B80062EAD2 /* -----基本信息----- */ = {
			isa = PBXGroup;
			children = (
			);
			name = "-----基本信息-----";
			sourceTree = "<group>";
		};
		02A678CC1ECAA8BE0062EAD2 /* -------代码------- */ = {
			isa = PBXGroup;
			children = (
			);
			name = "-------代码-------";
			sourceTree = "<group>";
		};
		02A678CD1ECAA8C50062EAD2 /* -----基本框架----- */ = {
			isa = PBXGroup;
			children = (
			);
			name = "-----基本框架-----";
			sourceTree = "<group>";
		};
		02A678CE1ECAA8CB0062EAD2 /* -------配置------- */ = {
			isa = PBXGroup;
			children = (
			);
			name = "-------配置-------";
			sourceTree = "<group>";
		};
		02A678CF1ECAA8E40062EAD2 /* Resource */ = {
			isa = PBXGroup;
			children = (
				4E9166791EADA70100B06D4B /* Assets.xcassets */,
			);
			name = Resource;
			sourceTree = "<group>";
		};
		02A678D01ECAA8F80062EAD2 /* Appdelegate */ = {
			isa = PBXGroup;
			children = (
				02A679591ECAD28B0062EAD2 /* SKA */,
				02A678DE1ECAAD8E0062EAD2 /* 首次启动 */,
				4E9166701EADA70100B06D4B /* AppDelegate.h */,
				4E9166711EADA70100B06D4B /* AppDelegate.m */,
			);
			name = Appdelegate;
			sourceTree = "<group>";
		};
		02A678D11ECAA9390062EAD2 /* PCH */ = {
			isa = PBXGroup;
			children = (
				4E91670D1EADC1B000B06D4B /* PrefixHeader.pch */,
				02A678D51ECAAA370062EAD2 /* SKANetWorkConfig.h */,
				02A678D41ECAAA0C0062EAD2 /* SKAAppConfig.h */,
			);
			name = PCH;
			sourceTree = "<group>";
		};
		02A678D21ECAA9420062EAD2 /* 系统配置 */ = {
			isa = PBXGroup;
			children = (
				02A678D61ECAAA620062EAD2 /* SKABaseConfig.h */,
				4E91667E1EADA70100B06D4B /* Info.plist */,
				025853351ED8244B009E78DE /* VC配置.plist */,
				02A678D71ECAAC730062EAD2 /* BaseTestPresenter */,
			);
			name = "系统配置";
			sourceTree = "<group>";
		};
		02A678D31ECAA9560062EAD2 /* -------其他------- */ = {
			isa = PBXGroup;
			children = (
				4E91666D1EADA70100B06D4B /* Supporting Files */,
				4E9166761EADA70100B06D4B /* Main.storyboard */,
				4E91667B1EADA70100B06D4B /* LaunchScreen.storyboard */,
			);
			name = "-------其他-------";
			sourceTree = "<group>";
		};
		02A678D71ECAAC730062EAD2 /* BaseTestPresenter */ = {
			isa = PBXGroup;
			children = (
				02A678DB1ECAACBD0062EAD2 /* SKABaseTestPresenter.h */,
				02A678DC1ECAACBD0062EAD2 /* SKABaseTestPresenter.m */,
			);
			name = BaseTestPresenter;
			sourceTree = "<group>";
		};
		02A678DE1ECAAD8E0062EAD2 /* 首次启动 */ = {
			isa = PBXGroup;
			children = (
				02A678DF1ECAAD9C0062EAD2 /* AppDelegate+FirstLaunch.h */,
				02A678E01ECAAD9C0062EAD2 /* AppDelegate+FirstLaunch.m */,
				02A678E11ECAAD9C0062EAD2 /* AppDelegate+MainVC.h */,
				02A678E21ECAAD9C0062EAD2 /* AppDelegate+MainVC.m */,
			);
			name = "首次启动";
			sourceTree = "<group>";
		};
		02A678E51ECAAE630062EAD2 /* 网络框架 */ = {
			isa = PBXGroup;
			children = (
				02A678F11ECAAF8F0062EAD2 /* SKANetWorkInterfaceHeader.h */,
				02A678F21ECAAF8F0062EAD2 /* SKANetWorkInterface.h */,
				02A678F31ECAAF8F0062EAD2 /* SKANetWorkInterface.m */,
				02A678F41ECAAF8F0062EAD2 /* UIViewController+SKANetInterfactor.h */,
				02A678F51ECAAF8F0062EAD2 /* UIViewController+SKANetInterfactor.m */,
				02A6790C1ECAB2B00062EAD2 /* JSON转换 */,
				02A678FB1ECAAFE90062EAD2 /* 空数据处理 */,
				02A679021ECAB00E0062EAD2 /* 缓存 */,
				02A679091ECAB04F0062EAD2 /* 日志 */,
			);
			name = "网络框架";
			sourceTree = "<group>";
		};
		02A678FB1ECAAFE90062EAD2 /* 空数据处理 */ = {
			isa = PBXGroup;
			children = (
				02A678F81ECAAFE50062EAD2 /* NSDictionary+NilString.h */,
				02A678F91ECAAFE50062EAD2 /* NSDictionary+NilString.m */,
			);
			name = "空数据处理";
			sourceTree = "<group>";
		};
		02A679021ECAB00E0062EAD2 /* 缓存 */ = {
			isa = PBXGroup;
			children = (
				02A678FC1ECAB00B0062EAD2 /* SKANetWorkInterface+Cache.h */,
				02A678FD1ECAB00B0062EAD2 /* SKANetWorkInterface+Cache.m */,
				02A678FE1ECAB00B0062EAD2 /* SKANetWorkInterfaceRealm.h */,
				02A678FF1ECAB00B0062EAD2 /* SKANetWorkInterfaceRealm.m */,
			);
			name = "缓存";
			sourceTree = "<group>";
		};
		02A679091ECAB04F0062EAD2 /* 日志 */ = {
			isa = PBXGroup;
			children = (
				02A679031ECAB04C0062EAD2 /* SKANetWorkInterface+Log.h */,
				02A679041ECAB04C0062EAD2 /* SKANetWorkInterface+Log.m */,
				02A679051ECAB04C0062EAD2 /* SKANetWorkLogRealm.h */,
				02A679061ECAB04C0062EAD2 /* SKANetWorkLogRealm.m */,
			);
			name = "日志";
			sourceTree = "<group>";
		};
		02A6790C1ECAB2B00062EAD2 /* JSON转换 */ = {
			isa = PBXGroup;
			children = (
				02A6790D1ECAB2EE0062EAD2 /* NSArray+SKACache.h */,
				02A6790E1ECAB2EE0062EAD2 /* NSArray+SKACache.m */,
				02A6790F1ECAB2EE0062EAD2 /* NSDictionary+SKACache.h */,
				02A679101ECAB2EE0062EAD2 /* NSDictionary+SKACache.m */,
				02A679111ECAB2EE0062EAD2 /* NSString+SKACache.h */,
				02A679121ECAB2EE0062EAD2 /* NSString+SKACache.m */,
			);
			name = "JSON转换";
			sourceTree = "<group>";
		};
		02A679521ECACF7F0062EAD2 /* 自定义标注 */ = {
			isa = PBXGroup;
			children = (
				02A6794C1ECACF7B0062EAD2 /* SKABaiduMapAnnotationModel.h */,
				02A6794D1ECACF7B0062EAD2 /* SKABaiduMapAnnotationModel.m */,
				02A6794E1ECACF7B0062EAD2 /* SKABaiduMapAnnotationView.h */,
				02A6794F1ECACF7B0062EAD2 /* SKABaiduMapAnnotationView.m */,
			);
			name = "自定义标注";
			sourceTree = "<group>";
		};
		02A679591ECAD28B0062EAD2 /* SKA */ = {
			isa = PBXGroup;
			children = (
				02A679561ECAD2870062EAD2 /* AppDelegate+SKA.h */,
				02A679571ECAD2870062EAD2 /* AppDelegate+SKA.m */,
			);
			name = SKA;
			sourceTree = "<group>";
		};
		02DDA0FE1ECD2BD10010AAA0 /* CSS */ = {
			isa = PBXGroup;
			children = (
				02DDA1021ECD2FC60010AAA0 /* SKABaseColorFont.h */,
				02DDA0FF1ECD2DA00010AAA0 /* SKABaseCSS.h */,
				02DDA1001ECD2DA00010AAA0 /* SKABaseCSS.m */,
			);
			name = CSS;
			sourceTree = "<group>";
		};
		02DDA1101ECD30F90010AAA0 /* BaseTableView */ = {
			isa = PBXGroup;
			children = (
				02DDA1041ECD30F10010AAA0 /* SKABaseTableView+Edit.h */,
				02DDA1051ECD30F10010AAA0 /* SKABaseTableView+Edit.m */,
				02DDA1061ECD30F10010AAA0 /* SKABaseTableView.h */,
				02DDA1071ECD30F10010AAA0 /* SKABaseTableView.m */,
				02DDA1081ECD30F10010AAA0 /* SKATableViewCell.h */,
				02DDA1091ECD30F10010AAA0 /* SKATableViewCell.m */,
				02DDA10A1ECD30F10010AAA0 /* SKATableViewModel.h */,
				02DDA10B1ECD30F10010AAA0 /* SKATableViewModel.m */,
			);
			name = BaseTableView;
			sourceTree = "<group>";
		};
		02DDA1171ECD31520010AAA0 /* DefaultTableView */ = {
			isa = PBXGroup;
			children = (
				02DDA1111ECD314A0010AAA0 /* SKATableView.h */,
				02DDA1121ECD314A0010AAA0 /* SKATableView.m */,
				02DDA1131ECD314A0010AAA0 /* SKATableViewH.h */,
				02DDA1141ECD314A0010AAA0 /* SKATableViewH.m */,
			);
			name = DefaultTableView;
			sourceTree = "<group>";
		};
		02DDA1211ECD31820010AAA0 /* SectionTableVIew */ = {
			isa = PBXGroup;
			children = (
				02DDA1181ECD317D0010AAA0 /* SKATableViewSection.h */,
				02DDA1191ECD317D0010AAA0 /* SKATableViewSection.m */,
				02DDA11A1ECD317D0010AAA0 /* SKATableViewSectionModel.h */,
				02DDA11B1ECD317D0010AAA0 /* SKATableViewSectionModel.m */,
				02DDA11C1ECD317D0010AAA0 /* SKATableViewSectionView.h */,
				02DDA11D1ECD317D0010AAA0 /* SKATableViewSectionView.m */,
			);
			name = SectionTableVIew;
			sourceTree = "<group>";
		};
		02DDA1251ECD37B70010AAA0 /* 百度地图 */ = {
			isa = PBXGroup;
			children = (
				02DDA1221ECD37B40010AAA0 /* AppDelegate+SKABaiduMap.h */,
				02DDA1231ECD37B40010AAA0 /* AppDelegate+SKABaiduMap.m */,
			);
			name = "百度地图";
			sourceTree = "<group>";
		};
		02DDA1291ECD39000010AAA0 /* SKAGuidanceView */ = {
			isa = PBXGroup;
			children = (
				02DDA1261ECD38FD0010AAA0 /* SKAGuidanceView.h */,
				02DDA1271ECD38FD0010AAA0 /* SKAGuidanceView.m */,
			);
			name = SKAGuidanceView;
			sourceTree = "<group>";
		};
		02DDA12D1ECD395E0010AAA0 /* SKAWaveImageView */ = {
			isa = PBXGroup;
			children = (
				02DDA12A1ECD39590010AAA0 /* SKAWaveImageView.h */,
				02DDA12B1ECD39590010AAA0 /* SKAWaveImageView.m */,
			);
			name = SKAWaveImageView;
			sourceTree = "<group>";
		};
		02DDA12E1ECD3E860010AAA0 /* 阿里云STS */ = {
			isa = PBXGroup;
			children = (
				02DDA1301ECD3EA50010AAA0 /* SKAAliyunHeader.h */,
				02DDA1371ECD3ECF0010AAA0 /* STS */,
				02DDA1411ECD41D30010AAA0 /* Upload */,
			);
			name = "阿里云STS";
			sourceTree = "<group>";
		};
		02DDA1371ECD3ECF0010AAA0 /* STS */ = {
			isa = PBXGroup;
			children = (
				02DDA1311ECD3ECB0010AAA0 /* SKASts.h */,
				02DDA1321ECD3ECB0010AAA0 /* SKASts.m */,
				02DDA1331ECD3ECB0010AAA0 /* SKAStsInterface.h */,
				02DDA1341ECD3ECB0010AAA0 /* SKAStsInterface.m */,
			);
			name = STS;
			sourceTree = "<group>";
		};
		02DDA1411ECD41D30010AAA0 /* Upload */ = {
			isa = PBXGroup;
			children = (
				02DDA1381ECD41CD0010AAA0 /* NSMutableArray+SKAAliModel.h */,
				02DDA1391ECD41CD0010AAA0 /* NSMutableArray+GRAliModel.m */,
				02DDA13A1ECD41CD0010AAA0 /* SKAAliyunModel.h */,
				02DDA13B1ECD41CD0010AAA0 /* SKAAliyunModel.m */,
				02DDA13C1ECD41CD0010AAA0 /* SKAAliyunNetWork.h */,
				02DDA13D1ECD41CD0010AAA0 /* SKAAliyunNetWork.m */,
			);
			name = Upload;
			sourceTree = "<group>";
		};
		02DDA1451ECD432B0010AAA0 /* SKANumber */ = {
			isa = PBXGroup;
			children = (
				02DDA1461ECD43410010AAA0 /* SKANumber.h */,
				02DDA1471ECD43410010AAA0 /* SKANumber.m */,
			);
			name = SKANumber;
			sourceTree = "<group>";
		};
		02DDA14F1ECD4B050010AAA0 /* 扩展 */ = {
			isa = PBXGroup;
			children = (
				02DDA14C1ECD4AFC0010AAA0 /* UIViewController+SKAPresenter.h */,
				02DDA14D1ECD4AFC0010AAA0 /* UIViewController+SKAPresenter.m */,
			);
			name = "扩展";
			sourceTree = "<group>";
		};
		02DDA1531ECD6CE50010AAA0 /* 扩展 */ = {
			isa = PBXGroup;
			children = (
				02DDA1501ECD6CE20010AAA0 /* UIView+SKABase.h */,
				02DDA1511ECD6CE20010AAA0 /* UIView+SKABase.m */,
			);
			name = "扩展";
			path = ..;
			sourceTree = "<group>";
		};
		4E9166611EADA70000B06D4B = {
			isa = PBXGroup;
			children = (
				4E91666C1EADA70100B06D4B /* SKAFramework */,
				4E9166861EADA70100B06D4B /* SKAFrameworkTests */,
				4E9166911EADA70100B06D4B /* SKAFrameworkUITests */,
				4E91666B1EADA70100B06D4B /* Products */,
				D7C6B32E78DEC36532546F9B /* Pods */,
				E66159B3DA9516CF39EDF93D /* Frameworks */,
			);
			sourceTree = "<group>";
		};
		4E91666B1EADA70100B06D4B /* Products */ = {
			isa = PBXGroup;
			children = (
				4E91666A1EADA70100B06D4B /* SKAFramework.app */,
				4E9166831EADA70100B06D4B /* SKAFrameworkTests.xctest */,
				4E91668E1EADA70100B06D4B /* SKAFrameworkUITests.xctest */,
			);
			name = Products;
			sourceTree = "<group>";
		};
		4E91666C1EADA70100B06D4B /* SKAFramework */ = {
			isa = PBXGroup;
			children = (
				02A678CB1ECAA8B80062EAD2 /* -----基本信息----- */,
				02A678D01ECAA8F80062EAD2 /* Appdelegate */,
				02A678CF1ECAA8E40062EAD2 /* Resource */,
				02A678CC1ECAA8BE0062EAD2 /* -------代码------- */,
				02DDA0FE1ECD2BD10010AAA0 /* CSS */,
				0281314F1ED6C4C100C9FC84 /* 组件 */,
				028131501ED6C4D100C9FC84 /* 业务 */,
				028131511ED6C4E000C9FC84 /* View */,
				02A6795B1ECAE2E20062EAD2 /* NaviC.h */,
				02A6795C1ECAE2E20062EAD2 /* NaviC.m */,
				4E9166731EADA70100B06D4B /* ViewController.h */,
				4E9166741EADA70100B06D4B /* ViewController.m */,
				0281595F1EC98AAC009A25E0 /* AC.h */,
				028159601EC98AAC009A25E0 /* AC.m */,
				02A678CD1ECAA8C50062EAD2 /* -----基本框架----- */,
				4E9166CE1EADC01F00B06D4B /* SKAFramework */,
				02A678CE1ECAA8CB0062EAD2 /* -------配置------- */,
				02A678D11ECAA9390062EAD2 /* PCH */,
				02A678D21ECAA9420062EAD2 /* 系统配置 */,
				02A678D31ECAA9560062EAD2 /* -------其他------- */,
			);
			path = SKAFramework;
			sourceTree = "<group>";
		};
		4E91666D1EADA70100B06D4B /* Supporting Files */ = {
			isa = PBXGroup;
			children = (
				4E91666E1EADA70100B06D4B /* main.m */,
			);
			name = "Supporting Files";
			sourceTree = "<group>";
		};
		4E9166861EADA70100B06D4B /* SKAFrameworkTests */ = {
			isa = PBXGroup;
			children = (
				4E9166871EADA70100B06D4B /* SKAFrameworkTests.m */,
				4E9166891EADA70100B06D4B /* Info.plist */,
			);
			path = SKAFrameworkTests;
			sourceTree = "<group>";
		};
		4E9166911EADA70100B06D4B /* SKAFrameworkUITests */ = {
			isa = PBXGroup;
			children = (
				4E9166921EADA70100B06D4B /* SKAFrameworkUITests.m */,
				4E9166941EADA70100B06D4B /* Info.plist */,
			);
			path = SKAFrameworkUITests;
			sourceTree = "<group>";
		};
		4E9166CE1EADC01F00B06D4B /* SKAFramework */ = {
			isa = PBXGroup;
			children = (
				4E9166CF1EADC01F00B06D4B /* NSSKA */,
				4E9166D71EADC01F00B06D4B /* VIPER */,
			);
			name = SKAFramework;
			path = SKA;
			sourceTree = "<group>";
		};
		4E9166CF1EADC01F00B06D4B /* NSSKA */ = {
			isa = PBXGroup;
			children = (
				4E9167111EADE42200B06D4B /* SKANSHeader.h */,
				02DDA1451ECD432B0010AAA0 /* SKANumber */,
				4E9166D01EADC01F00B06D4B /* NSArray */,
				4E9166D11EADC01F00B06D4B /* NSDate */,
				4E9166D21EADC01F00B06D4B /* NSDictionary */,
				4E9166D31EADC01F00B06D4B /* NSLog */,
				4E9166D41EADC01F00B06D4B /* NSObject */,
				4E9166D51EADC01F00B06D4B /* NSString */,
				4E9166D61EADC01F00B06D4B /* NSTimer */,
			);
			path = NSSKA;
			sourceTree = "<group>";
		};
		4E9166D01EADC01F00B06D4B /* NSArray */ = {
			isa = PBXGroup;
			children = (
				02650B651EB1E6C9001B02D0 /* NSArray+SKA.h */,
				02650B661EB1E6C9001B02D0 /* NSArray+SKA.m */,
			);
			path = NSArray;
			sourceTree = "<group>";
		};
		4E9166D11EADC01F00B06D4B /* NSDate */ = {
			isa = PBXGroup;
			children = (
				02650B681EB1E80B001B02D0 /* NSDate+SKA.h */,
				02650B691EB1E80B001B02D0 /* NSDate+SKA.m */,
			);
			path = NSDate;
			sourceTree = "<group>";
		};
		4E9166D21EADC01F00B06D4B /* NSDictionary */ = {
			isa = PBXGroup;
			children = (
				02650B6B1EB1E86E001B02D0 /* NSDictionary+SKA.h */,
				02650B6C1EB1E86E001B02D0 /* NSDictionary+SKA.m */,
			);
			path = NSDictionary;
			sourceTree = "<group>";
		};
		4E9166D31EADC01F00B06D4B /* NSLog */ = {
			isa = PBXGroup;
			children = (
				02A679611ECAE6800062EAD2 /* SKALogHeader.h */,
			);
			path = NSLog;
			sourceTree = "<group>";
		};
		4E9166D41EADC01F00B06D4B /* NSObject */ = {
			isa = PBXGroup;
			children = (
			);
			path = NSObject;
			sourceTree = "<group>";
		};
		4E9166D51EADC01F00B06D4B /* NSString */ = {
			isa = PBXGroup;
			children = (
				02650B6E1EB1E8AD001B02D0 /* NSString+SKA.h */,
				02650B6F1EB1E8AD001B02D0 /* NSString+SKA.m */,
			);
			path = NSString;
			sourceTree = "<group>";
		};
		4E9166D61EADC01F00B06D4B /* NSTimer */ = {
			isa = PBXGroup;
			children = (
			);
			path = NSTimer;
			sourceTree = "<group>";
		};
		4E9166D71EADC01F00B06D4B /* VIPER */ = {
			isa = PBXGroup;
			children = (
				4E9166E01EADC01F00B06D4B /* V */,
				4E9166DA1EADC01F00B06D4B /* I */,
				4E9166DC1EADC01F00B06D4B /* P */,
				4E9166D81EADC01F00B06D4B /* E */,
				4E9166DE1EADC01F00B06D4B /* R */,
			);
			path = VIPER;
			sourceTree = "<group>";
		};
		4E9166D81EADC01F00B06D4B /* E */ = {
			isa = PBXGroup;
			children = (
				4E9166D91EADC01F00B06D4B /* BASE */,
			);
			path = E;
			sourceTree = "<group>";
		};
		4E9166D91EADC01F00B06D4B /* BASE */ = {
			isa = PBXGroup;
			children = (
				02DDA1421ECD42E10010AAA0 /* SKABaseModel.h */,
				02DDA1431ECD42E10010AAA0 /* SKABaseModel.m */,
			);
			path = BASE;
			sourceTree = "<group>";
		};
		4E9166DA1EADC01F00B06D4B /* I */ = {
			isa = PBXGroup;
			children = (
				028131561ED6CBE100C9FC84 /* SKAInterfactorHeader.h */,
				02DDA12E1ECD3E860010AAA0 /* 阿里云STS */,
				02A678E51ECAAE630062EAD2 /* 网络框架 */,
				4E9166DB1EADC01F00B06D4B /* BASE */,
			);
			path = I;
			sourceTree = "<group>";
		};
		4E9166DB1EADC01F00B06D4B /* BASE */ = {
			isa = PBXGroup;
			children = (
				028131531ED6CBC100C9FC84 /* SKABaseInterfactor.h */,
				028131541ED6CBC100C9FC84 /* SKABaseInterfactor.m */,
			);
			path = BASE;
			sourceTree = "<group>";
		};
		4E9166DC1EADC01F00B06D4B /* P */ = {
			isa = PBXGroup;
			children = (
				028131581ED6D7D900C9FC84 /* SKAPresenterHeader.h */,
				02DDA14F1ECD4B050010AAA0 /* 扩展 */,
				4E9166DD1EADC01F00B06D4B /* BASE */,
			);
			path = P;
			sourceTree = "<group>";
		};
		4E9166DD1EADC01F00B06D4B /* BASE */ = {
			isa = PBXGroup;
			children = (
				028131571ED6CC2C00C9FC84 /* NaviC */,
				02A678D81ECAACAA0062EAD2 /* SKABaseController.h */,
				02A678D91ECAACAA0062EAD2 /* SKABaseController.m */,
			);
			path = BASE;
			sourceTree = "<group>";
		};
		4E9166DE1EADC01F00B06D4B /* R */ = {
			isa = PBXGroup;
			children = (
				4E9166DF1EADC01F00B06D4B /* BASE */,
			);
			path = R;
			sourceTree = "<group>";
		};
		4E9166DF1EADC01F00B06D4B /* BASE */ = {
			isa = PBXGroup;
			children = (
				0281595C1EC97498009A25E0 /* UIViewController+Route.h */,
				0281595D1EC97498009A25E0 /* UIViewController+Route.m */,
			);
			path = BASE;
			sourceTree = "<group>";
		};
		4E9166E01EADC01F00B06D4B /* V */ = {
			isa = PBXGroup;
			children = (
				4E91670C1EADC17500B06D4B /* SKAVHeader.h */,
				02A6795A1ECAD3660062EAD2 /* SKAColorHeader.h */,
				4E9166E11EADC01F00B06D4B /* BASE */,
				4E9166F31EADC01F00B06D4B /* UI */,
				4E9166E21EADC01F00B06D4B /* SKAUI */,
			);
			path = V;
			sourceTree = "<group>";
		};
		4E9166E11EADC01F00B06D4B /* BASE */ = {
			isa = PBXGroup;
			children = (
				02DDA1531ECD6CE50010AAA0 /* 扩展 */,
				4E9167001EADC04700B06D4B /* SKABaseView.h */,
				4E9167011EADC04700B06D4B /* SKABaseView.m */,
			);
			path = BASE;
			sourceTree = "<group>";
		};
		4E9166E21EADC01F00B06D4B /* SKAUI */ = {
			isa = PBXGroup;
			children = (
				02DDA12D1ECD395E0010AAA0 /* SKAWaveImageView */,
				02DDA1291ECD39000010AAA0 /* SKAGuidanceView */,
				022FB6B91EB2D87400BA029D /* SKAAudio */,
				4E9166E41EADC01F00B06D4B /* SKABaiduMap */,
				4E9166E51EADC01F00B06D4B /* SKACharts */,
				4E9166E61EADC01F00B06D4B /* SKACollectionView */,
				4E9166E71EADC01F00B06D4B /* SKADatePicker */,
				4E9166E81EADC01F00B06D4B /* SKADialogView */,
				4E9166E91EADC01F00B06D4B /* SKAEmptyView */,
				4E9166EA1EADC01F00B06D4B /* SKAFloatView */,
				4E9166EB1EADC01F00B06D4B /* SKAHUD */,
				4E9166EC1EADC01F00B06D4B /* SKAPickerView */,
				4E9166ED1EADC01F00B06D4B /* SKAPopup */,
				4E9166EE1EADC01F00B06D4B /* SKAPresentationView */,
				4E9166EF1EADC01F00B06D4B /* SKASearchViewController */,
				4E9166F01EADC01F00B06D4B /* SKAShareView */,
				4E9166F11EADC01F00B06D4B /* SKATableView */,
				4E9166F21EADC01F00B06D4B /* SKAVideo */,
			);
			path = SKAUI;
			sourceTree = "<group>";
		};
		4E9166E41EADC01F00B06D4B /* SKABaiduMap */ = {
			isa = PBXGroup;
			children = (
				02DDA1251ECD37B70010AAA0 /* 百度地图 */,
				02A679521ECACF7F0062EAD2 /* 自定义标注 */,
				02A679531ECACFBE0062EAD2 /* SKABaiduMap.h */,
				02A679541ECACFBE0062EAD2 /* SKABaiduMap.m */,
			);
			path = SKABaiduMap;
			sourceTree = "<group>";
		};
		4E9166E51EADC01F00B06D4B /* SKACharts */ = {
			isa = PBXGroup;
			children = (
			);
			path = SKACharts;
			sourceTree = "<group>";
		};
		4E9166E61EADC01F00B06D4B /* SKACollectionView */ = {
			isa = PBXGroup;
			children = (
			);
			path = SKACollectionView;
			sourceTree = "<group>";
		};
		4E9166E71EADC01F00B06D4B /* SKADatePicker */ = {
			isa = PBXGroup;
			children = (
				02A679621ECAE71D0062EAD2 /* SKAUIDatePicker.h */,
				02A679631ECAE71D0062EAD2 /* SKAUIDatePicker.m */,
			);
			path = SKADatePicker;
			sourceTree = "<group>";
		};
		4E9166E81EADC01F00B06D4B /* SKADialogView */ = {
			isa = PBXGroup;
			children = (
			);
			path = SKADialogView;
			sourceTree = "<group>";
		};
		4E9166E91EADC01F00B06D4B /* SKAEmptyView */ = {
			isa = PBXGroup;
			children = (
			);
			path = SKAEmptyView;
			sourceTree = "<group>";
		};
		4E9166EA1EADC01F00B06D4B /* SKAFloatView */ = {
			isa = PBXGroup;
			children = (
			);
			path = SKAFloatView;
			sourceTree = "<group>";
		};
		4E9166EB1EADC01F00B06D4B /* SKAHUD */ = {
			isa = PBXGroup;
			children = (
			);
			path = SKAHUD;
			sourceTree = "<group>";
		};
		4E9166EC1EADC01F00B06D4B /* SKAPickerView */ = {
			isa = PBXGroup;
			children = (
				02A679651ECAECB20062EAD2 /* SKACityPickerView.h */,
				02A679661ECAECB20062EAD2 /* SKASCityPickerView.m */,
				02A679671ECAECB20062EAD2 /* SKACitys.plist */,
				02A679681ECAECB20062EAD2 /* SKAMorePickerView.h */,
				02A679691ECAECB20062EAD2 /* SKAMorePickerView.m */,
				02A6796A1ECAECB20062EAD2 /* SKAUIPickerView.h */,
				02A6796B1ECAECB20062EAD2 /* SKAUIPickerView.m */,
			);
			path = SKAPickerView;
			sourceTree = "<group>";
		};
		4E9166ED1EADC01F00B06D4B /* SKAPopup */ = {
			isa = PBXGroup;
			children = (
			);
			path = SKAPopup;
			sourceTree = "<group>";
		};
		4E9166EE1EADC01F00B06D4B /* SKAPresentationView */ = {
			isa = PBXGroup;
			children = (
				028AC2F41EC9AAD70099C0C1 /* SKAPresentationView.h */,
				028AC2F51EC9AAD70099C0C1 /* SKAPresentationView.m */,
			);
			path = SKAPresentationView;
			sourceTree = "<group>";
		};
		4E9166EF1EADC01F00B06D4B /* SKASearchViewController */ = {
			isa = PBXGroup;
			children = (
			);
			path = SKASearchViewController;
			sourceTree = "<group>";
		};
		4E9166F01EADC01F00B06D4B /* SKAShareView */ = {
			isa = PBXGroup;
			children = (
			);
			path = SKAShareView;
			sourceTree = "<group>";
		};
		4E9166F11EADC01F00B06D4B /* SKATableView */ = {
			isa = PBXGroup;
			children = (
				02DDA1031ECD30D80010AAA0 /* SKATableViewHeader.h */,
				02DDA1101ECD30F90010AAA0 /* BaseTableView */,
				02DDA1171ECD31520010AAA0 /* DefaultTableView */,
				02DDA1211ECD31820010AAA0 /* SectionTableVIew */,
			);
			path = SKATableView;
			sourceTree = "<group>";
		};
		4E9166F21EADC01F00B06D4B /* SKAVideo */ = {
			isa = PBXGroup;
			children = (
			);
			path = SKAVideo;
			sourceTree = "<group>";
		};
		4E9166F31EADC01F00B06D4B /* UI */ = {
			isa = PBXGroup;
			children = (
				4E9166F41EADC01F00B06D4B /* UIAlertController */,
				4E9166F51EADC01F00B06D4B /* UIAlertSheet */,
				4E9166F61EADC01F00B06D4B /* UIButton */,
				4E9166F81EADC01F00B06D4B /* UIImage */,
				4E9166F91EADC01F00B06D4B /* UIImageView */,
				4E9166FA1EADC01F00B06D4B /* UILabel */,
				4E9166FB1EADC01F00B06D4B /* UINavigationViewController */,
				4E9166FC1EADC01F00B06D4B /* UITabbar */,
				4E9166FD1EADC01F00B06D4B /* UITextField */,
				4E9166FE1EADC01F00B06D4B /* UITextView */,
				4E9166FF1EADC01F00B06D4B /* UIView */,
			);
			path = UI;
			sourceTree = "<group>";
		};
		4E9166F41EADC01F00B06D4B /* UIAlertController */ = {
			isa = PBXGroup;
			children = (
				4E9167151EADF57600B06D4B /* SKAAlertController.h */,
				4E9167161EADF57600B06D4B /* SKAAlertController.m */,
			);
			path = UIAlertController;
			sourceTree = "<group>";
		};
		4E9166F51EADC01F00B06D4B /* UIAlertSheet */ = {
			isa = PBXGroup;
			children = (
				4E9167181EADFF9200B06D4B /* SKAAlertSheet.h */,
				4E9167191EADFF9200B06D4B /* SKAAlertSheet.m */,
			);
			path = UIAlertSheet;
			sourceTree = "<group>";
		};
		4E9166F61EADC01F00B06D4B /* UIButton */ = {
			isa = PBXGroup;
			children = (
				4E91670E1EADDF5700B06D4B /* UIButton+SKA.h */,
				4E91670F1EADDF5700B06D4B /* UIButton+SKA.m */,
			);
			path = UIButton;
			sourceTree = "<group>";
		};
		4E9166F81EADC01F00B06D4B /* UIImage */ = {
			isa = PBXGroup;
			children = (
				02A6795E1ECAE6320062EAD2 /* UIImage+SKA.h */,
				02A6795F1ECAE6320062EAD2 /* UIImage+SKA.m */,
			);
			path = UIImage;
			sourceTree = "<group>";
		};
		4E9166F91EADC01F00B06D4B /* UIImageView */ = {
			isa = PBXGroup;
			children = (
				02650B711EB1E97B001B02D0 /* UIImageView+SKA.h */,
				02650B721EB1E97B001B02D0 /* UIImageView+SKA.m */,
			);
			path = UIImageView;
			sourceTree = "<group>";
		};
		4E9166FA1EADC01F00B06D4B /* UILabel */ = {
			isa = PBXGroup;
			children = (
				02650B5C1EB1CD7D001B02D0 /* UILabel+SKA.h */,
				02650B5D1EB1CD7D001B02D0 /* UILabel+SKA.m */,
			);
			path = UILabel;
			sourceTree = "<group>";
		};
		4E9166FB1EADC01F00B06D4B /* UINavigationViewController */ = {
			isa = PBXGroup;
			children = (
				02A678C81ECA94430062EAD2 /* UINavigationController+SKA.h */,
				02A678C91ECA94430062EAD2 /* UINavigationController+SKA.m */,
			);
			path = UINavigationViewController;
			sourceTree = "<group>";
		};
		4E9166FC1EADC01F00B06D4B /* UITabbar */ = {
			isa = PBXGroup;
			children = (
			);
			path = UITabbar;
			sourceTree = "<group>";
		};
		4E9166FD1EADC01F00B06D4B /* UITextField */ = {
			isa = PBXGroup;
			children = (
				02650B621EB1DB8F001B02D0 /* UITextField+SKA.h */,
				02650B631EB1DB8F001B02D0 /* UITextField+SKA.m */,
			);
			path = UITextField;
			sourceTree = "<group>";
		};
		4E9166FE1EADC01F00B06D4B /* UITextView */ = {
			isa = PBXGroup;
			children = (
				02650B5F1EB1CEAB001B02D0 /* UITextView+SKA.h */,
				02650B601EB1CEAB001B02D0 /* UITextView+SKA.m */,
			);
			path = UITextView;
			sourceTree = "<group>";
		};
		4E9166FF1EADC01F00B06D4B /* UIView */ = {
			isa = PBXGroup;
			children = (
				4E9167091EADC0C400B06D4B /* UIView+SKA.h */,
				4E91670A1EADC0C400B06D4B /* UIView+SKA.m */,
			);
			path = UIView;
			sourceTree = "<group>";
		};
		D7C6B32E78DEC36532546F9B /* Pods */ = {
			isa = PBXGroup;
			children = (
				016FA9D374C3463BD9720160 /* Pods-SKAFramework.debug.xcconfig */,
				F4455A114124DF799ECAEB91 /* Pods-SKAFramework.release.xcconfig */,
			);
			name = Pods;
			sourceTree = "<group>";
		};
		E66159B3DA9516CF39EDF93D /* Frameworks */ = {
			isa = PBXGroup;
			children = (
				02A6794A1ECAC7570062EAD2 /* libc++.tbd */,
				02A679481ECAC7530062EAD2 /* libz.tbd */,
				C7BC75873FE796878986923B /* libPods-SKAFramework.a */,
			);
			name = Frameworks;
			sourceTree = "<group>";
		};
/* End PBXGroup section */

/* Begin PBXNativeTarget section */
		4E9166691EADA70100B06D4B /* SKAFramework */ = {
			isa = PBXNativeTarget;
			buildConfigurationList = 4E9166971EADA70100B06D4B /* Build configuration list for PBXNativeTarget "SKAFramework" */;
			buildPhases = (
				2933ACEBF43A298AEA0DC16D /* [CP] Check Pods Manifest.lock */,
				4E9166661EADA70100B06D4B /* Sources */,
				4E9166671EADA70100B06D4B /* Frameworks */,
				4E9166681EADA70100B06D4B /* Resources */,
				0E65016E1F473F21422B9F5C /* [CP] Embed Pods Frameworks */,
				99CEDE4938C6EF25A0E8A6FE /* [CP] Copy Pods Resources */,
			);
			buildRules = (
			);
			dependencies = (
			);
			name = SKAFramework;
			productName = SKAFramework;
			productReference = 4E91666A1EADA70100B06D4B /* SKAFramework.app */;
			productType = "com.apple.product-type.application";
		};
		4E9166821EADA70100B06D4B /* SKAFrameworkTests */ = {
			isa = PBXNativeTarget;
			buildConfigurationList = 4E91669A1EADA70100B06D4B /* Build configuration list for PBXNativeTarget "SKAFrameworkTests" */;
			buildPhases = (
				4E91667F1EADA70100B06D4B /* Sources */,
				4E9166801EADA70100B06D4B /* Frameworks */,
				4E9166811EADA70100B06D4B /* Resources */,
			);
			buildRules = (
			);
			dependencies = (
				4E9166851EADA70100B06D4B /* PBXTargetDependency */,
			);
			name = SKAFrameworkTests;
			productName = SKAFrameworkTests;
			productReference = 4E9166831EADA70100B06D4B /* SKAFrameworkTests.xctest */;
			productType = "com.apple.product-type.bundle.unit-test";
		};
		4E91668D1EADA70100B06D4B /* SKAFrameworkUITests */ = {
			isa = PBXNativeTarget;
			buildConfigurationList = 4E91669D1EADA70100B06D4B /* Build configuration list for PBXNativeTarget "SKAFrameworkUITests" */;
			buildPhases = (
				4E91668A1EADA70100B06D4B /* Sources */,
				4E91668B1EADA70100B06D4B /* Frameworks */,
				4E91668C1EADA70100B06D4B /* Resources */,
			);
			buildRules = (
			);
			dependencies = (
				4E9166901EADA70100B06D4B /* PBXTargetDependency */,
			);
			name = SKAFrameworkUITests;
			productName = SKAFrameworkUITests;
			productReference = 4E91668E1EADA70100B06D4B /* SKAFrameworkUITests.xctest */;
			productType = "com.apple.product-type.bundle.ui-testing";
		};
/* End PBXNativeTarget section */

/* Begin PBXProject section */
		4E9166621EADA70000B06D4B /* Project object */ = {
			isa = PBXProject;
			attributes = {
				LastUpgradeCheck = 0820;
				ORGANIZATIONNAME = "姜雨辰";
				TargetAttributes = {
					4E9166691EADA70100B06D4B = {
						CreatedOnToolsVersion = 8.2.1;
						DevelopmentTeam = WHRJ2XATM8;
						ProvisioningStyle = Automatic;
					};
					4E9166821EADA70100B06D4B = {
						CreatedOnToolsVersion = 8.2.1;
						DevelopmentTeam = WHRJ2XATM8;
						ProvisioningStyle = Automatic;
						TestTargetID = 4E9166691EADA70100B06D4B;
					};
					4E91668D1EADA70100B06D4B = {
						CreatedOnToolsVersion = 8.2.1;
						DevelopmentTeam = WHRJ2XATM8;
						ProvisioningStyle = Automatic;
						TestTargetID = 4E9166691EADA70100B06D4B;
					};
				};
			};
			buildConfigurationList = 4E9166651EADA70000B06D4B /* Build configuration list for PBXProject "SKAFramework" */;
			compatibilityVersion = "Xcode 3.2";
			developmentRegion = English;
			hasScannedForEncodings = 0;
			knownRegions = (
				en,
				Base,
			);
			mainGroup = 4E9166611EADA70000B06D4B;
			productRefGroup = 4E91666B1EADA70100B06D4B /* Products */;
			projectDirPath = "";
			projectRoot = "";
			targets = (
				4E9166691EADA70100B06D4B /* SKAFramework */,
				4E9166821EADA70100B06D4B /* SKAFrameworkTests */,
				4E91668D1EADA70100B06D4B /* SKAFrameworkUITests */,
			);
		};
/* End PBXProject section */

/* Begin PBXResourcesBuildPhase section */
		4E9166681EADA70100B06D4B /* Resources */ = {
			isa = PBXResourcesBuildPhase;
			buildActionMask = 2147483647;
			files = (
				02A6796D1ECAECB20062EAD2 /* SKACitys.plist in Resources */,
				4E91667D1EADA70100B06D4B /* LaunchScreen.storyboard in Resources */,
				4E91667A1EADA70100B06D4B /* Assets.xcassets in Resources */,
				025853361ED8244B009E78DE /* VC配置.plist in Resources */,
				4E9166781EADA70100B06D4B /* Main.storyboard in Resources */,
			);
			runOnlyForDeploymentPostprocessing = 0;
		};
		4E9166811EADA70100B06D4B /* Resources */ = {
			isa = PBXResourcesBuildPhase;
			buildActionMask = 2147483647;
			files = (
			);
			runOnlyForDeploymentPostprocessing = 0;
		};
		4E91668C1EADA70100B06D4B /* Resources */ = {
			isa = PBXResourcesBuildPhase;
			buildActionMask = 2147483647;
			files = (
			);
			runOnlyForDeploymentPostprocessing = 0;
		};
/* End PBXResourcesBuildPhase section */

/* Begin PBXShellScriptBuildPhase section */
		0E65016E1F473F21422B9F5C /* [CP] Embed Pods Frameworks */ = {
			isa = PBXShellScriptBuildPhase;
			buildActionMask = 2147483647;
			files = (
			);
			inputPaths = (
			);
			name = "[CP] Embed Pods Frameworks";
			outputPaths = (
			);
			runOnlyForDeploymentPostprocessing = 0;
			shellPath = /bin/sh;
			shellScript = "\"${SRCROOT}/Pods/Target Support Files/Pods-SKAFramework/Pods-SKAFramework-frameworks.sh\"\n";
			showEnvVarsInLog = 0;
		};
		2933ACEBF43A298AEA0DC16D /* [CP] Check Pods Manifest.lock */ = {
			isa = PBXShellScriptBuildPhase;
			buildActionMask = 2147483647;
			files = (
			);
			inputPaths = (
			);
			name = "[CP] Check Pods Manifest.lock";
			outputPaths = (
			);
			runOnlyForDeploymentPostprocessing = 0;
			shellPath = /bin/sh;
			shellScript = "diff \"${PODS_ROOT}/../Podfile.lock\" \"${PODS_ROOT}/Manifest.lock\" > /dev/null\nif [ $? != 0 ] ; then\n    # print error to STDERR\n    echo \"error: The sandbox is not in sync with the Podfile.lock. Run 'pod install' or update your CocoaPods installation.\" >&2\n    exit 1\nfi\n";
			showEnvVarsInLog = 0;
		};
		99CEDE4938C6EF25A0E8A6FE /* [CP] Copy Pods Resources */ = {
			isa = PBXShellScriptBuildPhase;
			buildActionMask = 2147483647;
			files = (
			);
			inputPaths = (
			);
			name = "[CP] Copy Pods Resources";
			outputPaths = (
			);
			runOnlyForDeploymentPostprocessing = 0;
			shellPath = /bin/sh;
			shellScript = "\"${SRCROOT}/Pods/Target Support Files/Pods-SKAFramework/Pods-SKAFramework-resources.sh\"\n";
			showEnvVarsInLog = 0;
		};
/* End PBXShellScriptBuildPhase section */

/* Begin PBXSourcesBuildPhase section */
		4E9166661EADA70100B06D4B /* Sources */ = {
			isa = PBXSourcesBuildPhase;
			buildActionMask = 2147483647;
			files = (
				02DDA1161ECD314A0010AAA0 /* SKATableViewH.m in Sources */,
				02A678F61ECAAF8F0062EAD2 /* SKANetWorkInterface.m in Sources */,
				4E91670B1EADC0C400B06D4B /* UIView+SKA.m in Sources */,
				4E9166751EADA70100B06D4B /* ViewController.m in Sources */,
				02DDA10C1ECD30F10010AAA0 /* SKABaseTableView+Edit.m in Sources */,
				02A679511ECACF7B0062EAD2 /* SKABaiduMapAnnotationView.m in Sources */,
				02DDA1011ECD2DA00010AAA0 /* SKABaseCSS.m in Sources */,
				02DDA10F1ECD30F10010AAA0 /* SKATableViewModel.m in Sources */,
				02DDA10D1ECD30F10010AAA0 /* SKABaseTableView.m in Sources */,
				02A6796E1ECAECB20062EAD2 /* SKAMorePickerView.m in Sources */,
				02A6796C1ECAECB20062EAD2 /* SKASCityPickerView.m in Sources */,
				02650B731EB1E97B001B02D0 /* UIImageView+SKA.m in Sources */,
				02A679581ECAD2870062EAD2 /* AppDelegate+SKA.m in Sources */,
				02A679641ECAE71D0062EAD2 /* SKAUIDatePicker.m in Sources */,
				02DDA10E1ECD30F10010AAA0 /* SKATableViewCell.m in Sources */,
				02DDA13E1ECD41CD0010AAA0 /* NSMutableArray+GRAliModel.m in Sources */,
				02650B6D1EB1E86E001B02D0 /* NSDictionary+SKA.m in Sources */,
				02650B6A1EB1E80B001B02D0 /* NSDate+SKA.m in Sources */,
				02DDA1201ECD317D0010AAA0 /* SKATableViewSectionView.m in Sources */,
				02A678DA1ECAACAA0062EAD2 /* SKABaseController.m in Sources */,
				4E91671A1EADFF9200B06D4B /* SKAAlertSheet.m in Sources */,
				02A679071ECAB04C0062EAD2 /* SKANetWorkInterface+Log.m in Sources */,
				028131551ED6CBC100C9FC84 /* SKABaseInterfactor.m in Sources */,
				02A679001ECAB00B0062EAD2 /* SKANetWorkInterface+Cache.m in Sources */,
				02A678DD1ECAACBD0062EAD2 /* SKABaseTestPresenter.m in Sources */,
				02A678FA1ECAAFE50062EAD2 /* NSDictionary+NilString.m in Sources */,
				4E9167021EADC04700B06D4B /* SKABaseView.m in Sources */,
				02DDA1361ECD3ECB0010AAA0 /* SKAStsInterface.m in Sources */,
				02650B5E1EB1CD7D001B02D0 /* UILabel+SKA.m in Sources */,
				028AC2F61EC9AAD70099C0C1 /* SKAPresentationView.m in Sources */,
				02A679551ECACFBE0062EAD2 /* SKABaiduMap.m in Sources */,
				02A679151ECAB2EE0062EAD2 /* NSString+SKACache.m in Sources */,
				02DDA1441ECD42E10010AAA0 /* SKABaseModel.m in Sources */,
				02DDA14E1ECD4AFC0010AAA0 /* UIViewController+SKAPresenter.m in Sources */,
				02650B701EB1E8AD001B02D0 /* NSString+SKA.m in Sources */,
				02A6796F1ECAECB20062EAD2 /* SKAUIPickerView.m in Sources */,
				02A679081ECAB04C0062EAD2 /* SKANetWorkLogRealm.m in Sources */,
				02DDA14B1ECD47220010AAA0 /* SKABaseNaviVC.m in Sources */,
				02A6795D1ECAE2E20062EAD2 /* NaviC.m in Sources */,
				02A679011ECAB00B0062EAD2 /* SKANetWorkInterfaceRealm.m in Sources */,
				02DDA1151ECD314A0010AAA0 /* SKATableView.m in Sources */,
				02DDA1521ECD6CE20010AAA0 /* UIView+SKABase.m in Sources */,
				02DDA1351ECD3ECB0010AAA0 /* SKASts.m in Sources */,
				02A679141ECAB2EE0062EAD2 /* NSDictionary+SKACache.m in Sources */,
				02DDA11F1ECD317D0010AAA0 /* SKATableViewSectionModel.m in Sources */,
				02650B611EB1CEAB001B02D0 /* UITextView+SKA.m in Sources */,
				02650B671EB1E6C9001B02D0 /* NSArray+SKA.m in Sources */,
				025853331ED81BB2009E78DE /* LoginM.m in Sources */,
				4E9167171EADF57600B06D4B /* SKAAlertController.m in Sources */,
				02A679601ECAE6320062EAD2 /* UIImage+SKA.m in Sources */,
				0281595E1EC97498009A25E0 /* UIViewController+Route.m in Sources */,
				02DDA1481ECD43410010AAA0 /* SKANumber.m in Sources */,
				02DDA1401ECD41CD0010AAA0 /* SKAAliyunNetWork.m in Sources */,
				02A678E31ECAAD9C0062EAD2 /* AppDelegate+FirstLaunch.m in Sources */,
				028159611EC98AAC009A25E0 /* AC.m in Sources */,
				02A679131ECAB2EE0062EAD2 /* NSArray+SKACache.m in Sources */,
				4E9166721EADA70100B06D4B /* AppDelegate.m in Sources */,
				02650B641EB1DB8F001B02D0 /* UITextField+SKA.m in Sources */,
				02A678E41ECAAD9C0062EAD2 /* AppDelegate+MainVC.m in Sources */,
				02A679501ECACF7B0062EAD2 /* SKABaiduMapAnnotationModel.m in Sources */,
				4E91666F1EADA70100B06D4B /* main.m in Sources */,
				02DDA11E1ECD317D0010AAA0 /* SKATableViewSection.m in Sources */,
				02DDA1281ECD38FD0010AAA0 /* SKAGuidanceView.m in Sources */,
				025853301ED809E1009E78DE /* SKALoginIN.m in Sources */,
				02DDA13F1ECD41CD0010AAA0 /* SKAAliyunModel.m in Sources */,
				02A678F71ECAAF8F0062EAD2 /* UIViewController+SKANetInterfactor.m in Sources */,
				02DDA12C1ECD39590010AAA0 /* SKAWaveImageView.m in Sources */,
				02DDA1241ECD37B40010AAA0 /* AppDelegate+SKABaiduMap.m in Sources */,
				4E9167101EADDF5700B06D4B /* UIButton+SKA.m in Sources */,
				02A678CA1ECA94430062EAD2 /* UINavigationController+SKA.m in Sources */,
			);
			runOnlyForDeploymentPostprocessing = 0;
		};
		4E91667F1EADA70100B06D4B /* Sources */ = {
			isa = PBXSourcesBuildPhase;
			buildActionMask = 2147483647;
			files = (
				4E9166881EADA70100B06D4B /* SKAFrameworkTests.m in Sources */,
			);
			runOnlyForDeploymentPostprocessing = 0;
		};
		4E91668A1EADA70100B06D4B /* Sources */ = {
			isa = PBXSourcesBuildPhase;
			buildActionMask = 2147483647;
			files = (
				4E9166931EADA70100B06D4B /* SKAFrameworkUITests.m in Sources */,
			);
			runOnlyForDeploymentPostprocessing = 0;
		};
/* End PBXSourcesBuildPhase section */

/* Begin PBXTargetDependency section */
		4E9166851EADA70100B06D4B /* PBXTargetDependency */ = {
			isa = PBXTargetDependency;
			target = 4E9166691EADA70100B06D4B /* SKAFramework */;
			targetProxy = 4E9166841EADA70100B06D4B /* PBXContainerItemProxy */;
		};
		4E9166901EADA70100B06D4B /* PBXTargetDependency */ = {
			isa = PBXTargetDependency;
			target = 4E9166691EADA70100B06D4B /* SKAFramework */;
			targetProxy = 4E91668F1EADA70100B06D4B /* PBXContainerItemProxy */;
		};
/* End PBXTargetDependency section */

/* Begin PBXVariantGroup section */
		4E9166761EADA70100B06D4B /* Main.storyboard */ = {
			isa = PBXVariantGroup;
			children = (
				4E9166771EADA70100B06D4B /* Base */,
			);
			name = Main.storyboard;
			sourceTree = "<group>";
		};
		4E91667B1EADA70100B06D4B /* LaunchScreen.storyboard */ = {
			isa = PBXVariantGroup;
			children = (
				4E91667C1EADA70100B06D4B /* Base */,
			);
			name = LaunchScreen.storyboard;
			sourceTree = "<group>";
		};
/* End PBXVariantGroup section */

/* Begin XCBuildConfiguration section */
		4E9166951EADA70100B06D4B /* Debug */ = {
			isa = XCBuildConfiguration;
			buildSettings = {
				ALWAYS_SEARCH_USER_PATHS = NO;
				CLANG_ANALYZER_NONNULL = YES;
				CLANG_CXX_LANGUAGE_STANDARD = "gnu++0x";
				CLANG_CXX_LIBRARY = "libc++";
				CLANG_ENABLE_MODULES = YES;
				CLANG_ENABLE_OBJC_ARC = YES;
				CLANG_WARN_BOOL_CONVERSION = YES;
				CLANG_WARN_CONSTANT_CONVERSION = YES;
				CLANG_WARN_DIRECT_OBJC_ISA_USAGE = YES_ERROR;
				CLANG_WARN_DOCUMENTATION_COMMENTS = YES;
				CLANG_WARN_EMPTY_BODY = YES;
				CLANG_WARN_ENUM_CONVERSION = YES;
				CLANG_WARN_INFINITE_RECURSION = YES;
				CLANG_WARN_INT_CONVERSION = YES;
				CLANG_WARN_OBJC_ROOT_CLASS = YES_ERROR;
				CLANG_WARN_SUSPICIOUS_MOVE = YES;
				CLANG_WARN_UNREACHABLE_CODE = YES;
				CLANG_WARN__DUPLICATE_METHOD_MATCH = YES;
				"CODE_SIGN_IDENTITY[sdk=iphoneos*]" = "iPhone Developer";
				COPY_PHASE_STRIP = NO;
				DEBUG_INFORMATION_FORMAT = dwarf;
				ENABLE_STRICT_OBJC_MSGSEND = YES;
				ENABLE_TESTABILITY = YES;
				GCC_C_LANGUAGE_STANDARD = gnu99;
				GCC_DYNAMIC_NO_PIC = NO;
				GCC_NO_COMMON_BLOCKS = YES;
				GCC_OPTIMIZATION_LEVEL = 0;
				GCC_PREPROCESSOR_DEFINITIONS = (
					"DEBUG=1",
					"$(inherited)",
				);
				GCC_WARN_64_TO_32_BIT_CONVERSION = YES;
				GCC_WARN_ABOUT_RETURN_TYPE = YES_ERROR;
				GCC_WARN_UNDECLARED_SELECTOR = YES;
				GCC_WARN_UNINITIALIZED_AUTOS = YES_AGGRESSIVE;
				GCC_WARN_UNUSED_FUNCTION = YES;
				GCC_WARN_UNUSED_VARIABLE = YES;
				IPHONEOS_DEPLOYMENT_TARGET = 10.2;
				MTL_ENABLE_DEBUG_INFO = YES;
				ONLY_ACTIVE_ARCH = YES;
				SDKROOT = iphoneos;
			};
			name = Debug;
		};
		4E9166961EADA70100B06D4B /* Release */ = {
			isa = XCBuildConfiguration;
			buildSettings = {
				ALWAYS_SEARCH_USER_PATHS = NO;
				CLANG_ANALYZER_NONNULL = YES;
				CLANG_CXX_LANGUAGE_STANDARD = "gnu++0x";
				CLANG_CXX_LIBRARY = "libc++";
				CLANG_ENABLE_MODULES = YES;
				CLANG_ENABLE_OBJC_ARC = YES;
				CLANG_WARN_BOOL_CONVERSION = YES;
				CLANG_WARN_CONSTANT_CONVERSION = YES;
				CLANG_WARN_DIRECT_OBJC_ISA_USAGE = YES_ERROR;
				CLANG_WARN_DOCUMENTATION_COMMENTS = YES;
				CLANG_WARN_EMPTY_BODY = YES;
				CLANG_WARN_ENUM_CONVERSION = YES;
				CLANG_WARN_INFINITE_RECURSION = YES;
				CLANG_WARN_INT_CONVERSION = YES;
				CLANG_WARN_OBJC_ROOT_CLASS = YES_ERROR;
				CLANG_WARN_SUSPICIOUS_MOVE = YES;
				CLANG_WARN_UNREACHABLE_CODE = YES;
				CLANG_WARN__DUPLICATE_METHOD_MATCH = YES;
				"CODE_SIGN_IDENTITY[sdk=iphoneos*]" = "iPhone Developer";
				COPY_PHASE_STRIP = NO;
				DEBUG_INFORMATION_FORMAT = "dwarf-with-dsym";
				ENABLE_NS_ASSERTIONS = NO;
				ENABLE_STRICT_OBJC_MSGSEND = YES;
				GCC_C_LANGUAGE_STANDARD = gnu99;
				GCC_NO_COMMON_BLOCKS = YES;
				GCC_WARN_64_TO_32_BIT_CONVERSION = YES;
				GCC_WARN_ABOUT_RETURN_TYPE = YES_ERROR;
				GCC_WARN_UNDECLARED_SELECTOR = YES;
				GCC_WARN_UNINITIALIZED_AUTOS = YES_AGGRESSIVE;
				GCC_WARN_UNUSED_FUNCTION = YES;
				GCC_WARN_UNUSED_VARIABLE = YES;
				IPHONEOS_DEPLOYMENT_TARGET = 10.2;
				MTL_ENABLE_DEBUG_INFO = NO;
				SDKROOT = iphoneos;
				VALIDATE_PRODUCT = YES;
			};
			name = Release;
		};
		4E9166981EADA70100B06D4B /* Debug */ = {
			isa = XCBuildConfiguration;
			baseConfigurationReference = 016FA9D374C3463BD9720160 /* Pods-SKAFramework.debug.xcconfig */;
			buildSettings = {
				ASSETCATALOG_COMPILER_APPICON_NAME = AppIcon;
				CLANG_WARN_DOCUMENTATION_COMMENTS = NO;
				DEVELOPMENT_TEAM = WHRJ2XATM8;
				FRAMEWORK_SEARCH_PATHS = (
					"$(inherited)",
					"$(PROJECT_DIR)",
				);
				GCC_PREFIX_HEADER = "/Users/GR/辰/SKAFramework/SKAFramework/PrefixHeader.pch";
				INFOPLIST_FILE = SKAFramework/Info.plist;
				IPHONEOS_DEPLOYMENT_TARGET = 8.0;
				LD_RUNPATH_SEARCH_PATHS = "$(inherited) @executable_path/Frameworks";
				LIBRARY_SEARCH_PATHS = (
					"$(inherited)",
					"$(PROJECT_DIR)",
				);
				PRODUCT_BUNDLE_IDENTIFIER = org.JYC.SKAFramework;
				PRODUCT_NAME = "$(TARGET_NAME)";
				VALID_ARCHS = "armv7 armv7s arm64";
			};
			name = Debug;
		};
		4E9166991EADA70100B06D4B /* Release */ = {
			isa = XCBuildConfiguration;
			baseConfigurationReference = F4455A114124DF799ECAEB91 /* Pods-SKAFramework.release.xcconfig */;
			buildSettings = {
				ASSETCATALOG_COMPILER_APPICON_NAME = AppIcon;
				CLANG_WARN_DOCUMENTATION_COMMENTS = NO;
				DEVELOPMENT_TEAM = WHRJ2XATM8;
				FRAMEWORK_SEARCH_PATHS = (
					"$(inherited)",
					"$(PROJECT_DIR)",
				);
				GCC_PREFIX_HEADER = "/Users/GR/辰/SKAFramework/SKAFramework/PrefixHeader.pch";
				INFOPLIST_FILE = SKAFramework/Info.plist;
				IPHONEOS_DEPLOYMENT_TARGET = 8.0;
				LD_RUNPATH_SEARCH_PATHS = "$(inherited) @executable_path/Frameworks";
				LIBRARY_SEARCH_PATHS = (
					"$(inherited)",
					"$(PROJECT_DIR)",
				);
				PRODUCT_BUNDLE_IDENTIFIER = org.JYC.SKAFramework;
				PRODUCT_NAME = "$(TARGET_NAME)";
				VALID_ARCHS = "armv7 armv7s arm64";
			};
			name = Release;
		};
		4E91669B1EADA70100B06D4B /* Debug */ = {
			isa = XCBuildConfiguration;
			buildSettings = {
				BUNDLE_LOADER = "$(TEST_HOST)";
				DEVELOPMENT_TEAM = WHRJ2XATM8;
				INFOPLIST_FILE = SKAFrameworkTests/Info.plist;
				LD_RUNPATH_SEARCH_PATHS = "$(inherited) @executable_path/Frameworks @loader_path/Frameworks";
				PRODUCT_BUNDLE_IDENTIFIER = org.JYC.SKAFrameworkTests;
				PRODUCT_NAME = "$(TARGET_NAME)";
				TEST_HOST = "$(BUILT_PRODUCTS_DIR)/SKAFramework.app/SKAFramework";
			};
			name = Debug;
		};
		4E91669C1EADA70100B06D4B /* Release */ = {
			isa = XCBuildConfiguration;
			buildSettings = {
				BUNDLE_LOADER = "$(TEST_HOST)";
				DEVELOPMENT_TEAM = WHRJ2XATM8;
				INFOPLIST_FILE = SKAFrameworkTests/Info.plist;
				LD_RUNPATH_SEARCH_PATHS = "$(inherited) @executable_path/Frameworks @loader_path/Frameworks";
				PRODUCT_BUNDLE_IDENTIFIER = org.JYC.SKAFrameworkTests;
				PRODUCT_NAME = "$(TARGET_NAME)";
				TEST_HOST = "$(BUILT_PRODUCTS_DIR)/SKAFramework.app/SKAFramework";
			};
			name = Release;
		};
		4E91669E1EADA70100B06D4B /* Debug */ = {
			isa = XCBuildConfiguration;
			buildSettings = {
				DEVELOPMENT_TEAM = WHRJ2XATM8;
				INFOPLIST_FILE = SKAFrameworkUITests/Info.plist;
				LD_RUNPATH_SEARCH_PATHS = "$(inherited) @executable_path/Frameworks @loader_path/Frameworks";
				PRODUCT_BUNDLE_IDENTIFIER = org.JYC.SKAFrameworkUITests;
				PRODUCT_NAME = "$(TARGET_NAME)";
				TEST_TARGET_NAME = SKAFramework;
			};
			name = Debug;
		};
		4E91669F1EADA70100B06D4B /* Release */ = {
			isa = XCBuildConfiguration;
			buildSettings = {
				DEVELOPMENT_TEAM = WHRJ2XATM8;
				INFOPLIST_FILE = SKAFrameworkUITests/Info.plist;
				LD_RUNPATH_SEARCH_PATHS = "$(inherited) @executable_path/Frameworks @loader_path/Frameworks";
				PRODUCT_BUNDLE_IDENTIFIER = org.JYC.SKAFrameworkUITests;
				PRODUCT_NAME = "$(TARGET_NAME)";
				TEST_TARGET_NAME = SKAFramework;
			};
			name = Release;
		};
/* End XCBuildConfiguration section */

/* Begin XCConfigurationList section */
		4E9166651EADA70000B06D4B /* Build configuration list for PBXProject "SKAFramework" */ = {
			isa = XCConfigurationList;
			buildConfigurations = (
				4E9166951EADA70100B06D4B /* Debug */,
				4E9166961EADA70100B06D4B /* Release */,
			);
			defaultConfigurationIsVisible = 0;
			defaultConfigurationName = Release;
		};
		4E9166971EADA70100B06D4B /* Build configuration list for PBXNativeTarget "SKAFramework" */ = {
			isa = XCConfigurationList;
			buildConfigurations = (
				4E9166981EADA70100B06D4B /* Debug */,
				4E9166991EADA70100B06D4B /* Release */,
			);
			defaultConfigurationIsVisible = 0;
			defaultConfigurationName = Release;
		};
		4E91669A1EADA70100B06D4B /* Build configuration list for PBXNativeTarget "SKAFrameworkTests" */ = {
			isa = XCConfigurationList;
			buildConfigurations = (
				4E91669B1EADA70100B06D4B /* Debug */,
				4E91669C1EADA70100B06D4B /* Release */,
			);
			defaultConfigurationIsVisible = 0;
			defaultConfigurationName = Release;
		};
		4E91669D1EADA70100B06D4B /* Build configuration list for PBXNativeTarget "SKAFrameworkUITests" */ = {
			isa = XCConfigurationList;
			buildConfigurations = (
				4E91669E1EADA70100B06D4B /* Debug */,
				4E91669F1EADA70100B06D4B /* Release */,
			);
			defaultConfigurationIsVisible = 0;
			defaultConfigurationName = Release;
		};
/* End XCConfigurationList section */
	};
	rootObject = 4E9166621EADA70000B06D4B /* Project object */;
}
