// !$*UTF8*$!
{
	archiveVersion = 1;
	classes = {
	};
	objectVersion = 46;
	objects = {

/* Begin PBXBuildFile section */
		4E91666F1EADA70100B06D4B /* main.m in Sources */ = {isa = PBXBuildFile; fileRef = 4E91666E1EADA70100B06D4B /* main.m */; };
		4E9166721EADA70100B06D4B /* AppDelegate.m in Sources */ = {isa = PBXBuildFile; fileRef = 4E9166711EADA70100B06D4B /* AppDelegate.m */; };
		4E9166751EADA70100B06D4B /* ViewController.m in Sources */ = {isa = PBXBuildFile; fileRef = 4E9166741EADA70100B06D4B /* ViewController.m */; };
		4E9166781EADA70100B06D4B /* Main.storyboard in Resources */ = {isa = PBXBuildFile; fileRef = 4E9166761EADA70100B06D4B /* Main.storyboard */; };
		4E91667A1EADA70100B06D4B /* Assets.xcassets in Resources */ = {isa = PBXBuildFile; fileRef = 4E9166791EADA70100B06D4B /* Assets.xcassets */; };
		4E91667D1EADA70100B06D4B /* LaunchScreen.storyboard in Resources */ = {isa = PBXBuildFile; fileRef = 4E91667B1EADA70100B06D4B /* LaunchScreen.storyboard */; };
		4E9166881EADA70100B06D4B /* SKAFrameworkTests.m in Sources */ = {isa = PBXBuildFile; fileRef = 4E9166871EADA70100B06D4B /* SKAFrameworkTests.m */; };
		4E9166931EADA70100B06D4B /* SKAFrameworkUITests.m in Sources */ = {isa = PBXBuildFile; fileRef = 4E9166921EADA70100B06D4B /* SKAFrameworkUITests.m */; };
		4E9167021EADC04700B06D4B /* SKABaseView.m in Sources */ = {isa = PBXBuildFile; fileRef = 4E9167011EADC04700B06D4B /* SKABaseView.m */; };
		4E91670B1EADC0C400B06D4B /* UIView+SKA.m in Sources */ = {isa = PBXBuildFile; fileRef = 4E91670A1EADC0C400B06D4B /* UIView+SKA.m */; };
		4E9167101EADDF5700B06D4B /* UIButton+SKA.m in Sources */ = {isa = PBXBuildFile; fileRef = 4E91670F1EADDF5700B06D4B /* UIButton+SKA.m */; };
		4E9167171EADF57600B06D4B /* SKAAlertController.m in Sources */ = {isa = PBXBuildFile; fileRef = 4E9167161EADF57600B06D4B /* SKAAlertController.m */; };
		4E91671A1EADFF9200B06D4B /* SKAAlertSheet.m in Sources */ = {isa = PBXBuildFile; fileRef = 4E9167191EADFF9200B06D4B /* SKAAlertSheet.m */; };
/* End PBXBuildFile section */

/* Begin PBXContainerItemProxy section */
		4E9166841EADA70100B06D4B /* PBXContainerItemProxy */ = {
			isa = PBXContainerItemProxy;
			containerPortal = 4E9166621EADA70000B06D4B /* Project object */;
			proxyType = 1;
			remoteGlobalIDString = 4E9166691EADA70100B06D4B;
			remoteInfo = SKAFramework;
		};
		4E91668F1EADA70100B06D4B /* PBXContainerItemProxy */ = {
			isa = PBXContainerItemProxy;
			containerPortal = 4E9166621EADA70000B06D4B /* Project object */;
			proxyType = 1;
			remoteGlobalIDString = 4E9166691EADA70100B06D4B;
			remoteInfo = SKAFramework;
		};
/* End PBXContainerItemProxy section */

/* Begin PBXFileReference section */
		4E91666A1EADA70100B06D4B /* SKAFramework.app */ = {isa = PBXFileReference; explicitFileType = wrapper.application; includeInIndex = 0; path = SKAFramework.app; sourceTree = BUILT_PRODUCTS_DIR; };
		4E91666E1EADA70100B06D4B /* main.m */ = {isa = PBXFileReference; lastKnownFileType = sourcecode.c.objc; path = main.m; sourceTree = "<group>"; };
		4E9166701EADA70100B06D4B /* AppDelegate.h */ = {isa = PBXFileReference; lastKnownFileType = sourcecode.c.h; path = AppDelegate.h; sourceTree = "<group>"; };
		4E9166711EADA70100B06D4B /* AppDelegate.m */ = {isa = PBXFileReference; lastKnownFileType = sourcecode.c.objc; path = AppDelegate.m; sourceTree = "<group>"; };
		4E9166731EADA70100B06D4B /* ViewController.h */ = {isa = PBXFileReference; lastKnownFileType = sourcecode.c.h; path = ViewController.h; sourceTree = "<group>"; };
		4E9166741EADA70100B06D4B /* ViewController.m */ = {isa = PBXFileReference; lastKnownFileType = sourcecode.c.objc; path = ViewController.m; sourceTree = "<group>"; };
		4E9166771EADA70100B06D4B /* Base */ = {isa = PBXFileReference; lastKnownFileType = file.storyboard; name = Base; path = Base.lproj/Main.storyboard; sourceTree = "<group>"; };
		4E9166791EADA70100B06D4B /* Assets.xcassets */ = {isa = PBXFileReference; lastKnownFileType = folder.assetcatalog; path = Assets.xcassets; sourceTree = "<group>"; };
		4E91667C1EADA70100B06D4B /* Base */ = {isa = PBXFileReference; lastKnownFileType = file.storyboard; name = Base; path = Base.lproj/LaunchScreen.storyboard; sourceTree = "<group>"; };
		4E91667E1EADA70100B06D4B /* Info.plist */ = {isa = PBXFileReference; lastKnownFileType = text.plist.xml; path = Info.plist; sourceTree = "<group>"; };
		4E9166831EADA70100B06D4B /* SKAFrameworkTests.xctest */ = {isa = PBXFileReference; explicitFileType = wrapper.cfbundle; includeInIndex = 0; path = SKAFrameworkTests.xctest; sourceTree = BUILT_PRODUCTS_DIR; };
		4E9166871EADA70100B06D4B /* SKAFrameworkTests.m */ = {isa = PBXFileReference; lastKnownFileType = sourcecode.c.objc; path = SKAFrameworkTests.m; sourceTree = "<group>"; };
		4E9166891EADA70100B06D4B /* Info.plist */ = {isa = PBXFileReference; lastKnownFileType = text.plist.xml; path = Info.plist; sourceTree = "<group>"; };
		4E91668E1EADA70100B06D4B /* SKAFrameworkUITests.xctest */ = {isa = PBXFileReference; explicitFileType = wrapper.cfbundle; includeInIndex = 0; path = SKAFrameworkUITests.xctest; sourceTree = BUILT_PRODUCTS_DIR; };
		4E9166921EADA70100B06D4B /* SKAFrameworkUITests.m */ = {isa = PBXFileReference; lastKnownFileType = sourcecode.c.objc; path = SKAFrameworkUITests.m; sourceTree = "<group>"; };
		4E9166941EADA70100B06D4B /* Info.plist */ = {isa = PBXFileReference; lastKnownFileType = text.plist.xml; path = Info.plist; sourceTree = "<group>"; };
		4E9167001EADC04700B06D4B /* SKABaseView.h */ = {isa = PBXFileReference; fileEncoding = 4; lastKnownFileType = sourcecode.c.h; path = SKABaseView.h; sourceTree = "<group>"; };
		4E9167011EADC04700B06D4B /* SKABaseView.m */ = {isa = PBXFileReference; fileEncoding = 4; lastKnownFileType = sourcecode.c.objc; path = SKABaseView.m; sourceTree = "<group>"; };
		4E9167091EADC0C400B06D4B /* UIView+SKA.h */ = {isa = PBXFileReference; fileEncoding = 4; lastKnownFileType = sourcecode.c.h; path = "UIView+SKA.h"; sourceTree = "<group>"; };
		4E91670A1EADC0C400B06D4B /* UIView+SKA.m */ = {isa = PBXFileReference; fileEncoding = 4; lastKnownFileType = sourcecode.c.objc; path = "UIView+SKA.m"; sourceTree = "<group>"; };
		4E91670C1EADC17500B06D4B /* SKAVHeader.h */ = {isa = PBXFileReference; lastKnownFileType = sourcecode.c.h; path = SKAVHeader.h; sourceTree = "<group>"; };
		4E91670D1EADC1B000B06D4B /* PrefixHeader.pch */ = {isa = PBXFileReference; lastKnownFileType = sourcecode.c.h; path = PrefixHeader.pch; sourceTree = "<group>"; };
		4E91670E1EADDF5700B06D4B /* UIButton+SKA.h */ = {isa = PBXFileReference; fileEncoding = 4; lastKnownFileType = sourcecode.c.h; path = "UIButton+SKA.h"; sourceTree = "<group>"; };
		4E91670F1EADDF5700B06D4B /* UIButton+SKA.m */ = {isa = PBXFileReference; fileEncoding = 4; lastKnownFileType = sourcecode.c.objc; path = "UIButton+SKA.m"; sourceTree = "<group>"; };
		4E9167111EADE42200B06D4B /* NSSKAHeader.h */ = {isa = PBXFileReference; lastKnownFileType = sourcecode.c.h; path = NSSKAHeader.h; sourceTree = "<group>"; };
		4E9167151EADF57600B06D4B /* SKAAlertController.h */ = {isa = PBXFileReference; fileEncoding = 4; lastKnownFileType = sourcecode.c.h; path = SKAAlertController.h; sourceTree = "<group>"; };
		4E9167161EADF57600B06D4B /* SKAAlertController.m */ = {isa = PBXFileReference; fileEncoding = 4; lastKnownFileType = sourcecode.c.objc; path = SKAAlertController.m; sourceTree = "<group>"; };
		4E9167181EADFF9200B06D4B /* SKAAlertSheet.h */ = {isa = PBXFileReference; fileEncoding = 4; lastKnownFileType = sourcecode.c.h; path = SKAAlertSheet.h; sourceTree = "<group>"; };
		4E9167191EADFF9200B06D4B /* SKAAlertSheet.m */ = {isa = PBXFileReference; fileEncoding = 4; lastKnownFileType = sourcecode.c.objc; path = SKAAlertSheet.m; sourceTree = "<group>"; };
/* End PBXFileReference section */

/* Begin PBXFrameworksBuildPhase section */
		4E9166671EADA70100B06D4B /* Frameworks */ = {
			isa = PBXFrameworksBuildPhase;
			buildActionMask = 2147483647;
			files = (
			);
			runOnlyForDeploymentPostprocessing = 0;
		};
		4E9166801EADA70100B06D4B /* Frameworks */ = {
			isa = PBXFrameworksBuildPhase;
			buildActionMask = 2147483647;
			files = (
			);
			runOnlyForDeploymentPostprocessing = 0;
		};
		4E91668B1EADA70100B06D4B /* Frameworks */ = {
			isa = PBXFrameworksBuildPhase;
			buildActionMask = 2147483647;
			files = (
			);
			runOnlyForDeploymentPostprocessing = 0;
		};
/* End PBXFrameworksBuildPhase section */

/* Begin PBXGroup section */
		4E9166611EADA70000B06D4B = {
			isa = PBXGroup;
			children = (
				4E91666C1EADA70100B06D4B /* SKAFramework */,
				4E9166861EADA70100B06D4B /* SKAFrameworkTests */,
				4E9166911EADA70100B06D4B /* SKAFrameworkUITests */,
				4E91666B1EADA70100B06D4B /* Products */,
			);
			sourceTree = "<group>";
		};
		4E91666B1EADA70100B06D4B /* Products */ = {
			isa = PBXGroup;
			children = (
				4E91666A1EADA70100B06D4B /* SKAFramework.app */,
				4E9166831EADA70100B06D4B /* SKAFrameworkTests.xctest */,
				4E91668E1EADA70100B06D4B /* SKAFrameworkUITests.xctest */,
			);
			name = Products;
			sourceTree = "<group>";
		};
		4E91666C1EADA70100B06D4B /* SKAFramework */ = {
			isa = PBXGroup;
			children = (
				4E9166701EADA70100B06D4B /* AppDelegate.h */,
				4E9166711EADA70100B06D4B /* AppDelegate.m */,
				4E9166731EADA70100B06D4B /* ViewController.h */,
				4E9166741EADA70100B06D4B /* ViewController.m */,
				4E9166761EADA70100B06D4B /* Main.storyboard */,
				4E9166791EADA70100B06D4B /* Assets.xcassets */,
				4E91667B1EADA70100B06D4B /* LaunchScreen.storyboard */,
				4E91667E1EADA70100B06D4B /* Info.plist */,
				4E9166CE1EADC01F00B06D4B /* SKA */,
				4E91666D1EADA70100B06D4B /* Supporting Files */,
			);
			path = SKAFramework;
			sourceTree = "<group>";
		};
		4E91666D1EADA70100B06D4B /* Supporting Files */ = {
			isa = PBXGroup;
			children = (
				4E91666E1EADA70100B06D4B /* main.m */,
				4E91670D1EADC1B000B06D4B /* PrefixHeader.pch */,
			);
			name = "Supporting Files";
			sourceTree = "<group>";
		};
		4E9166861EADA70100B06D4B /* SKAFrameworkTests */ = {
			isa = PBXGroup;
			children = (
				4E9166871EADA70100B06D4B /* SKAFrameworkTests.m */,
				4E9166891EADA70100B06D4B /* Info.plist */,
			);
			path = SKAFrameworkTests;
			sourceTree = "<group>";
		};
		4E9166911EADA70100B06D4B /* SKAFrameworkUITests */ = {
			isa = PBXGroup;
			children = (
				4E9166921EADA70100B06D4B /* SKAFrameworkUITests.m */,
				4E9166941EADA70100B06D4B /* Info.plist */,
			);
			path = SKAFrameworkUITests;
			sourceTree = "<group>";
		};
		4E9166CE1EADC01F00B06D4B /* SKA */ = {
			isa = PBXGroup;
			children = (
				4E9166CF1EADC01F00B06D4B /* NSSKA */,
				4E9166D71EADC01F00B06D4B /* VIPER */,
			);
			path = SKA;
			sourceTree = "<group>";
		};
		4E9166CF1EADC01F00B06D4B /* NSSKA */ = {
			isa = PBXGroup;
			children = (
				4E9167111EADE42200B06D4B /* NSSKAHeader.h */,
				4E9166D01EADC01F00B06D4B /* NSArray */,
				4E9166D11EADC01F00B06D4B /* NSDate */,
				4E9166D21EADC01F00B06D4B /* NSDictionary */,
				4E9166D31EADC01F00B06D4B /* NSLog */,
				4E9166D41EADC01F00B06D4B /* NSObject */,
				4E9166D51EADC01F00B06D4B /* NSString */,
				4E9166D61EADC01F00B06D4B /* NSTimer */,
			);
			path = NSSKA;
			sourceTree = "<group>";
		};
		4E9166D01EADC01F00B06D4B /* NSArray */ = {
			isa = PBXGroup;
			children = (
			);
			path = NSArray;
			sourceTree = "<group>";
		};
		4E9166D11EADC01F00B06D4B /* NSDate */ = {
			isa = PBXGroup;
			children = (
			);
			path = NSDate;
			sourceTree = "<group>";
		};
		4E9166D21EADC01F00B06D4B /* NSDictionary */ = {
			isa = PBXGroup;
			children = (
			);
			path = NSDictionary;
			sourceTree = "<group>";
		};
		4E9166D31EADC01F00B06D4B /* NSLog */ = {
			isa = PBXGroup;
			children = (
			);
			path = NSLog;
			sourceTree = "<group>";
		};
		4E9166D41EADC01F00B06D4B /* NSObject */ = {
			isa = PBXGroup;
			children = (
			);
			path = NSObject;
			sourceTree = "<group>";
		};
		4E9166D51EADC01F00B06D4B /* NSString */ = {
			isa = PBXGroup;
			children = (
			);
			path = NSString;
			sourceTree = "<group>";
		};
		4E9166D61EADC01F00B06D4B /* NSTimer */ = {
			isa = PBXGroup;
			children = (
			);
			path = NSTimer;
			sourceTree = "<group>";
		};
		4E9166D71EADC01F00B06D4B /* VIPER */ = {
			isa = PBXGroup;
			children = (
				4E9166E01EADC01F00B06D4B /* V */,
				4E9166DA1EADC01F00B06D4B /* I */,
				4E9166DC1EADC01F00B06D4B /* P */,
				4E9166D81EADC01F00B06D4B /* E */,
				4E9166DE1EADC01F00B06D4B /* R */,
			);
			path = VIPER;
			sourceTree = "<group>";
		};
		4E9166D81EADC01F00B06D4B /* E */ = {
			isa = PBXGroup;
			children = (
				4E9166D91EADC01F00B06D4B /* BASE */,
			);
			path = E;
			sourceTree = "<group>";
		};
		4E9166D91EADC01F00B06D4B /* BASE */ = {
			isa = PBXGroup;
			children = (
			);
			path = BASE;
			sourceTree = "<group>";
		};
		4E9166DA1EADC01F00B06D4B /* I */ = {
			isa = PBXGroup;
			children = (
				4E9166DB1EADC01F00B06D4B /* BASE */,
			);
			path = I;
			sourceTree = "<group>";
		};
		4E9166DB1EADC01F00B06D4B /* BASE */ = {
			isa = PBXGroup;
			children = (
			);
			path = BASE;
			sourceTree = "<group>";
		};
		4E9166DC1EADC01F00B06D4B /* P */ = {
			isa = PBXGroup;
			children = (
				4E9166DD1EADC01F00B06D4B /* BASE */,
			);
			path = P;
			sourceTree = "<group>";
		};
		4E9166DD1EADC01F00B06D4B /* BASE */ = {
			isa = PBXGroup;
			children = (
			);
			path = BASE;
			sourceTree = "<group>";
		};
		4E9166DE1EADC01F00B06D4B /* R */ = {
			isa = PBXGroup;
			children = (
				4E9166DF1EADC01F00B06D4B /* BASE */,
			);
			path = R;
			sourceTree = "<group>";
		};
		4E9166DF1EADC01F00B06D4B /* BASE */ = {
			isa = PBXGroup;
			children = (
			);
			path = BASE;
			sourceTree = "<group>";
		};
		4E9166E01EADC01F00B06D4B /* V */ = {
			isa = PBXGroup;
			children = (
				4E91670C1EADC17500B06D4B /* SKAVHeader.h */,
				4E9166E11EADC01F00B06D4B /* BASE */,
				4E9166F31EADC01F00B06D4B /* UI */,
				4E9166E21EADC01F00B06D4B /* SKAUI */,
			);
			path = V;
			sourceTree = "<group>";
		};
		4E9166E11EADC01F00B06D4B /* BASE */ = {
			isa = PBXGroup;
			children = (
				4E9167001EADC04700B06D4B /* SKABaseView.h */,
				4E9167011EADC04700B06D4B /* SKABaseView.m */,
			);
			path = BASE;
			sourceTree = "<group>";
		};
		4E9166E21EADC01F00B06D4B /* SKAUI */ = {
			isa = PBXGroup;
			children = (
				4E9166E31EADC01F00B06D4B /* SKAAudio */,
				4E9166E41EADC01F00B06D4B /* SKABaiduMap */,
				4E9166E51EADC01F00B06D4B /* SKACharts */,
				4E9166E61EADC01F00B06D4B /* SKACollectionView */,
				4E9166E71EADC01F00B06D4B /* SKADatePicker */,
				4E9166E81EADC01F00B06D4B /* SKADialogView */,
				4E9166E91EADC01F00B06D4B /* SKAEmptyView */,
				4E9166EA1EADC01F00B06D4B /* SKAFloatView */,
				4E9166EB1EADC01F00B06D4B /* SKAHUD */,
				4E9166EC1EADC01F00B06D4B /* SKAPickerView */,
				4E9166ED1EADC01F00B06D4B /* SKAPopup */,
				4E9166EE1EADC01F00B06D4B /* SKAPresentationView */,
				4E9166EF1EADC01F00B06D4B /* SKASearchViewController */,
				4E9166F01EADC01F00B06D4B /* SKAShareView */,
				4E9166F11EADC01F00B06D4B /* SKATableView */,
				4E9166F21EADC01F00B06D4B /* SKAVideo */,
			);
			path = SKAUI;
			sourceTree = "<group>";
		};
		4E9166E31EADC01F00B06D4B /* SKAAudio */ = {
			isa = PBXGroup;
			children = (
			);
			path = SKAAudio;
			sourceTree = "<group>";
		};
		4E9166E41EADC01F00B06D4B /* SKABaiduMap */ = {
			isa = PBXGroup;
			children = (
			);
			path = SKABaiduMap;
			sourceTree = "<group>";
		};
		4E9166E51EADC01F00B06D4B /* SKACharts */ = {
			isa = PBXGroup;
			children = (
			);
			path = SKACharts;
			sourceTree = "<group>";
		};
		4E9166E61EADC01F00B06D4B /* SKACollectionView */ = {
			isa = PBXGroup;
			children = (
			);
			path = SKACollectionView;
			sourceTree = "<group>";
		};
		4E9166E71EADC01F00B06D4B /* SKADatePicker */ = {
			isa = PBXGroup;
			children = (
			);
			path = SKADatePicker;
			sourceTree = "<group>";
		};
		4E9166E81EADC01F00B06D4B /* SKADialogView */ = {
			isa = PBXGroup;
			children = (
			);
			path = SKADialogView;
			sourceTree = "<group>";
		};
		4E9166E91EADC01F00B06D4B /* SKAEmptyView */ = {
			isa = PBXGroup;
			children = (
			);
			path = SKAEmptyView;
			sourceTree = "<group>";
		};
		4E9166EA1EADC01F00B06D4B /* SKAFloatView */ = {
			isa = PBXGroup;
			children = (
			);
			path = SKAFloatView;
			sourceTree = "<group>";
		};
		4E9166EB1EADC01F00B06D4B /* SKAHUD */ = {
			isa = PBXGroup;
			children = (
			);
			path = SKAHUD;
			sourceTree = "<group>";
		};
		4E9166EC1EADC01F00B06D4B /* SKAPickerView */ = {
			isa = PBXGroup;
			children = (
			);
			path = SKAPickerView;
			sourceTree = "<group>";
		};
		4E9166ED1EADC01F00B06D4B /* SKAPopup */ = {
			isa = PBXGroup;
			children = (
			);
			path = SKAPopup;
			sourceTree = "<group>";
		};
		4E9166EE1EADC01F00B06D4B /* SKAPresentationView */ = {
			isa = PBXGroup;
			children = (
			);
			path = SKAPresentationView;
			sourceTree = "<group>";
		};
		4E9166EF1EADC01F00B06D4B /* SKASearchViewController */ = {
			isa = PBXGroup;
			children = (
			);
			path = SKASearchViewController;
			sourceTree = "<group>";
		};
		4E9166F01EADC01F00B06D4B /* SKAShareView */ = {
			isa = PBXGroup;
			children = (
			);
			path = SKAShareView;
			sourceTree = "<group>";
		};
		4E9166F11EADC01F00B06D4B /* SKATableView */ = {
			isa = PBXGroup;
			children = (
			);
			path = SKATableView;
			sourceTree = "<group>";
		};
		4E9166F21EADC01F00B06D4B /* SKAVideo */ = {
			isa = PBXGroup;
			children = (
			);
			path = SKAVideo;
			sourceTree = "<group>";
		};
		4E9166F31EADC01F00B06D4B /* UI */ = {
			isa = PBXGroup;
			children = (
				4E9166F41EADC01F00B06D4B /* UIAlertController */,
				4E9166F51EADC01F00B06D4B /* UIAlertSheet */,
				4E9166F61EADC01F00B06D4B /* UIButton */,
				4E9166F71EADC01F00B06D4B /* UIColor */,
				4E9166F81EADC01F00B06D4B /* UIImage */,
				4E9166F91EADC01F00B06D4B /* UIImageView */,
				4E9166FA1EADC01F00B06D4B /* UILabel */,
				4E9166FB1EADC01F00B06D4B /* UINavigationViewController */,
				4E9166FC1EADC01F00B06D4B /* UITabbar */,
				4E9166FD1EADC01F00B06D4B /* UITextField */,
				4E9166FE1EADC01F00B06D4B /* UITextView */,
				4E9166FF1EADC01F00B06D4B /* UIView */,
			);
			path = UI;
			sourceTree = "<group>";
		};
		4E9166F41EADC01F00B06D4B /* UIAlertController */ = {
			isa = PBXGroup;
			children = (
				4E9167151EADF57600B06D4B /* SKAAlertController.h */,
				4E9167161EADF57600B06D4B /* SKAAlertController.m */,
			);
			path = UIAlertController;
			sourceTree = "<group>";
		};
		4E9166F51EADC01F00B06D4B /* UIAlertSheet */ = {
			isa = PBXGroup;
			children = (
				4E9167181EADFF9200B06D4B /* SKAAlertSheet.h */,
				4E9167191EADFF9200B06D4B /* SKAAlertSheet.m */,
			);
			path = UIAlertSheet;
			sourceTree = "<group>";
		};
		4E9166F61EADC01F00B06D4B /* UIButton */ = {
			isa = PBXGroup;
			children = (
				4E91670E1EADDF5700B06D4B /* UIButton+SKA.h */,
				4E91670F1EADDF5700B06D4B /* UIButton+SKA.m */,
			);
			path = UIButton;
			sourceTree = "<group>";
		};
		4E9166F71EADC01F00B06D4B /* UIColor */ = {
			isa = PBXGroup;
			children = (
			);
			path = UIColor;
			sourceTree = "<group>";
		};
		4E9166F81EADC01F00B06D4B /* UIImage */ = {
			isa = PBXGroup;
			children = (
			);
			path = UIImage;
			sourceTree = "<group>";
		};
		4E9166F91EADC01F00B06D4B /* UIImageView */ = {
			isa = PBXGroup;
			children = (
			);
			path = UIImageView;
			sourceTree = "<group>";
		};
		4E9166FA1EADC01F00B06D4B /* UILabel */ = {
			isa = PBXGroup;
			children = (
			);
			path = UILabel;
			sourceTree = "<group>";
		};
		4E9166FB1EADC01F00B06D4B /* UINavigationViewController */ = {
			isa = PBXGroup;
			children = (
			);
			path = UINavigationViewController;
			sourceTree = "<group>";
		};
		4E9166FC1EADC01F00B06D4B /* UITabbar */ = {
			isa = PBXGroup;
			children = (
			);
			path = UITabbar;
			sourceTree = "<group>";
		};
		4E9166FD1EADC01F00B06D4B /* UITextField */ = {
			isa = PBXGroup;
			children = (
			);
			path = UITextField;
			sourceTree = "<group>";
		};
		4E9166FE1EADC01F00B06D4B /* UITextView */ = {
			isa = PBXGroup;
			children = (
			);
			path = UITextView;
			sourceTree = "<group>";
		};
		4E9166FF1EADC01F00B06D4B /* UIView */ = {
			isa = PBXGroup;
			children = (
				4E9167091EADC0C400B06D4B /* UIView+SKA.h */,
				4E91670A1EADC0C400B06D4B /* UIView+SKA.m */,
			);
			path = UIView;
			sourceTree = "<group>";
		};
/* End PBXGroup section */

/* Begin PBXNativeTarget section */
		4E9166691EADA70100B06D4B /* SKAFramework */ = {
			isa = PBXNativeTarget;
			buildConfigurationList = 4E9166971EADA70100B06D4B /* Build configuration list for PBXNativeTarget "SKAFramework" */;
			buildPhases = (
				4E9166661EADA70100B06D4B /* Sources */,
				4E9166671EADA70100B06D4B /* Frameworks */,
				4E9166681EADA70100B06D4B /* Resources */,
			);
			buildRules = (
			);
			dependencies = (
			);
			name = SKAFramework;
			productName = SKAFramework;
			productReference = 4E91666A1EADA70100B06D4B /* SKAFramework.app */;
			productType = "com.apple.product-type.application";
		};
		4E9166821EADA70100B06D4B /* SKAFrameworkTests */ = {
			isa = PBXNativeTarget;
			buildConfigurationList = 4E91669A1EADA70100B06D4B /* Build configuration list for PBXNativeTarget "SKAFrameworkTests" */;
			buildPhases = (
				4E91667F1EADA70100B06D4B /* Sources */,
				4E9166801EADA70100B06D4B /* Frameworks */,
				4E9166811EADA70100B06D4B /* Resources */,
			);
			buildRules = (
			);
			dependencies = (
				4E9166851EADA70100B06D4B /* PBXTargetDependency */,
			);
			name = SKAFrameworkTests;
			productName = SKAFrameworkTests;
			productReference = 4E9166831EADA70100B06D4B /* SKAFrameworkTests.xctest */;
			productType = "com.apple.product-type.bundle.unit-test";
		};
		4E91668D1EADA70100B06D4B /* SKAFrameworkUITests */ = {
			isa = PBXNativeTarget;
			buildConfigurationList = 4E91669D1EADA70100B06D4B /* Build configuration list for PBXNativeTarget "SKAFrameworkUITests" */;
			buildPhases = (
				4E91668A1EADA70100B06D4B /* Sources */,
				4E91668B1EADA70100B06D4B /* Frameworks */,
				4E91668C1EADA70100B06D4B /* Resources */,
			);
			buildRules = (
			);
			dependencies = (
				4E9166901EADA70100B06D4B /* PBXTargetDependency */,
			);
			name = SKAFrameworkUITests;
			productName = SKAFrameworkUITests;
			productReference = 4E91668E1EADA70100B06D4B /* SKAFrameworkUITests.xctest */;
			productType = "com.apple.product-type.bundle.ui-testing";
		};
/* End PBXNativeTarget section */

/* Begin PBXProject section */
		4E9166621EADA70000B06D4B /* Project object */ = {
			isa = PBXProject;
			attributes = {
				LastUpgradeCheck = 0820;
				ORGANIZATIONNAME = "姜雨辰";
				TargetAttributes = {
					4E9166691EADA70100B06D4B = {
						CreatedOnToolsVersion = 8.2.1;
						DevelopmentTeam = WHRJ2XATM8;
						ProvisioningStyle = Automatic;
					};
					4E9166821EADA70100B06D4B = {
						CreatedOnToolsVersion = 8.2.1;
						DevelopmentTeam = WHRJ2XATM8;
						ProvisioningStyle = Automatic;
						TestTargetID = 4E9166691EADA70100B06D4B;
					};
					4E91668D1EADA70100B06D4B = {
						CreatedOnToolsVersion = 8.2.1;
						DevelopmentTeam = WHRJ2XATM8;
						ProvisioningStyle = Automatic;
						TestTargetID = 4E9166691EADA70100B06D4B;
					};
				};
			};
			buildConfigurationList = 4E9166651EADA70000B06D4B /* Build configuration list for PBXProject "SKAFramework" */;
			compatibilityVersion = "Xcode 3.2";
			developmentRegion = English;
			hasScannedForEncodings = 0;
			knownRegions = (
				en,
				Base,
			);
			mainGroup = 4E9166611EADA70000B06D4B;
			productRefGroup = 4E91666B1EADA70100B06D4B /* Products */;
			projectDirPath = "";
			projectRoot = "";
			targets = (
				4E9166691EADA70100B06D4B /* SKAFramework */,
				4E9166821EADA70100B06D4B /* SKAFrameworkTests */,
				4E91668D1EADA70100B06D4B /* SKAFrameworkUITests */,
			);
		};
/* End PBXProject section */

/* Begin PBXResourcesBuildPhase section */
		4E9166681EADA70100B06D4B /* Resources */ = {
			isa = PBXResourcesBuildPhase;
			buildActionMask = 2147483647;
			files = (
				4E91667D1EADA70100B06D4B /* LaunchScreen.storyboard in Resources */,
				4E91667A1EADA70100B06D4B /* Assets.xcassets in Resources */,
				4E9166781EADA70100B06D4B /* Main.storyboard in Resources */,
			);
			runOnlyForDeploymentPostprocessing = 0;
		};
		4E9166811EADA70100B06D4B /* Resources */ = {
			isa = PBXResourcesBuildPhase;
			buildActionMask = 2147483647;
			files = (
			);
			runOnlyForDeploymentPostprocessing = 0;
		};
		4E91668C1EADA70100B06D4B /* Resources */ = {
			isa = PBXResourcesBuildPhase;
			buildActionMask = 2147483647;
			files = (
			);
			runOnlyForDeploymentPostprocessing = 0;
		};
/* End PBXResourcesBuildPhase section */

/* Begin PBXSourcesBuildPhase section */
		4E9166661EADA70100B06D4B /* Sources */ = {
			isa = PBXSourcesBuildPhase;
			buildActionMask = 2147483647;
			files = (
				4E91670B1EADC0C400B06D4B /* UIView+SKA.m in Sources */,
				4E9166751EADA70100B06D4B /* ViewController.m in Sources */,
				4E91671A1EADFF9200B06D4B /* SKAAlertSheet.m in Sources */,
				4E9167021EADC04700B06D4B /* SKABaseView.m in Sources */,
				4E9167171EADF57600B06D4B /* SKAAlertController.m in Sources */,
				4E9166721EADA70100B06D4B /* AppDelegate.m in Sources */,
				4E91666F1EADA70100B06D4B /* main.m in Sources */,
				4E9167101EADDF5700B06D4B /* UIButton+SKA.m in Sources */,
			);
			runOnlyForDeploymentPostprocessing = 0;
		};
		4E91667F1EADA70100B06D4B /* Sources */ = {
			isa = PBXSourcesBuildPhase;
			buildActionMask = 2147483647;
			files = (
				4E9166881EADA70100B06D4B /* SKAFrameworkTests.m in Sources */,
			);
			runOnlyForDeploymentPostprocessing = 0;
		};
		4E91668A1EADA70100B06D4B /* Sources */ = {
			isa = PBXSourcesBuildPhase;
			buildActionMask = 2147483647;
			files = (
				4E9166931EADA70100B06D4B /* SKAFrameworkUITests.m in Sources */,
			);
			runOnlyForDeploymentPostprocessing = 0;
		};
/* End PBXSourcesBuildPhase section */

/* Begin PBXTargetDependency section */
		4E9166851EADA70100B06D4B /* PBXTargetDependency */ = {
			isa = PBXTargetDependency;
			target = 4E9166691EADA70100B06D4B /* SKAFramework */;
			targetProxy = 4E9166841EADA70100B06D4B /* PBXContainerItemProxy */;
		};
		4E9166901EADA70100B06D4B /* PBXTargetDependency */ = {
			isa = PBXTargetDependency;
			target = 4E9166691EADA70100B06D4B /* SKAFramework */;
			targetProxy = 4E91668F1EADA70100B06D4B /* PBXContainerItemProxy */;
		};
/* End PBXTargetDependency section */

/* Begin PBXVariantGroup section */
		4E9166761EADA70100B06D4B /* Main.storyboard */ = {
			isa = PBXVariantGroup;
			children = (
				4E9166771EADA70100B06D4B /* Base */,
			);
			name = Main.storyboard;
			sourceTree = "<group>";
		};
		4E91667B1EADA70100B06D4B /* LaunchScreen.storyboard */ = {
			isa = PBXVariantGroup;
			children = (
				4E91667C1EADA70100B06D4B /* Base */,
			);
			name = LaunchScreen.storyboard;
			sourceTree = "<group>";
		};
/* End PBXVariantGroup section */

/* Begin XCBuildConfiguration section */
		4E9166951EADA70100B06D4B /* Debug */ = {
			isa = XCBuildConfiguration;
			buildSettings = {
				ALWAYS_SEARCH_USER_PATHS = NO;
				CLANG_ANALYZER_NONNULL = YES;
				CLANG_CXX_LANGUAGE_STANDARD = "gnu++0x";
				CLANG_CXX_LIBRARY = "libc++";
				CLANG_ENABLE_MODULES = YES;
				CLANG_ENABLE_OBJC_ARC = YES;
				CLANG_WARN_BOOL_CONVERSION = YES;
				CLANG_WARN_CONSTANT_CONVERSION = YES;
				CLANG_WARN_DIRECT_OBJC_ISA_USAGE = YES_ERROR;
				CLANG_WARN_DOCUMENTATION_COMMENTS = YES;
				CLANG_WARN_EMPTY_BODY = YES;
				CLANG_WARN_ENUM_CONVERSION = YES;
				CLANG_WARN_INFINITE_RECURSION = YES;
				CLANG_WARN_INT_CONVERSION = YES;
				CLANG_WARN_OBJC_ROOT_CLASS = YES_ERROR;
				CLANG_WARN_SUSPICIOUS_MOVE = YES;
				CLANG_WARN_UNREACHABLE_CODE = YES;
				CLANG_WARN__DUPLICATE_METHOD_MATCH = YES;
				"CODE_SIGN_IDENTITY[sdk=iphoneos*]" = "iPhone Developer";
				COPY_PHASE_STRIP = NO;
				DEBUG_INFORMATION_FORMAT = dwarf;
				ENABLE_STRICT_OBJC_MSGSEND = YES;
				ENABLE_TESTABILITY = YES;
				GCC_C_LANGUAGE_STANDARD = gnu99;
				GCC_DYNAMIC_NO_PIC = NO;
				GCC_NO_COMMON_BLOCKS = YES;
				GCC_OPTIMIZATION_LEVEL = 0;
				GCC_PREPROCESSOR_DEFINITIONS = (
					"DEBUG=1",
					"$(inherited)",
				);
				GCC_WARN_64_TO_32_BIT_CONVERSION = YES;
				GCC_WARN_ABOUT_RETURN_TYPE = YES_ERROR;
				GCC_WARN_UNDECLARED_SELECTOR = YES;
				GCC_WARN_UNINITIALIZED_AUTOS = YES_AGGRESSIVE;
				GCC_WARN_UNUSED_FUNCTION = YES;
				GCC_WARN_UNUSED_VARIABLE = YES;
				IPHONEOS_DEPLOYMENT_TARGET = 10.2;
				MTL_ENABLE_DEBUG_INFO = YES;
				ONLY_ACTIVE_ARCH = YES;
				SDKROOT = iphoneos;
			};
			name = Debug;
		};
		4E9166961EADA70100B06D4B /* Release */ = {
			isa = XCBuildConfiguration;
			buildSettings = {
				ALWAYS_SEARCH_USER_PATHS = NO;
				CLANG_ANALYZER_NONNULL = YES;
				CLANG_CXX_LANGUAGE_STANDARD = "gnu++0x";
				CLANG_CXX_LIBRARY = "libc++";
				CLANG_ENABLE_MODULES = YES;
				CLANG_ENABLE_OBJC_ARC = YES;
				CLANG_WARN_BOOL_CONVERSION = YES;
				CLANG_WARN_CONSTANT_CONVERSION = YES;
				CLANG_WARN_DIRECT_OBJC_ISA_USAGE = YES_ERROR;
				CLANG_WARN_DOCUMENTATION_COMMENTS = YES;
				CLANG_WARN_EMPTY_BODY = YES;
				CLANG_WARN_ENUM_CONVERSION = YES;
				CLANG_WARN_INFINITE_RECURSION = YES;
				CLANG_WARN_INT_CONVERSION = YES;
				CLANG_WARN_OBJC_ROOT_CLASS = YES_ERROR;
				CLANG_WARN_SUSPICIOUS_MOVE = YES;
				CLANG_WARN_UNREACHABLE_CODE = YES;
				CLANG_WARN__DUPLICATE_METHOD_MATCH = YES;
				"CODE_SIGN_IDENTITY[sdk=iphoneos*]" = "iPhone Developer";
				COPY_PHASE_STRIP = NO;
				DEBUG_INFORMATION_FORMAT = "dwarf-with-dsym";
				ENABLE_NS_ASSERTIONS = NO;
				ENABLE_STRICT_OBJC_MSGSEND = YES;
				GCC_C_LANGUAGE_STANDARD = gnu99;
				GCC_NO_COMMON_BLOCKS = YES;
				GCC_WARN_64_TO_32_BIT_CONVERSION = YES;
				GCC_WARN_ABOUT_RETURN_TYPE = YES_ERROR;
				GCC_WARN_UNDECLARED_SELECTOR = YES;
				GCC_WARN_UNINITIALIZED_AUTOS = YES_AGGRESSIVE;
				GCC_WARN_UNUSED_FUNCTION = YES;
				GCC_WARN_UNUSED_VARIABLE = YES;
				IPHONEOS_DEPLOYMENT_TARGET = 10.2;
				MTL_ENABLE_DEBUG_INFO = NO;
				SDKROOT = iphoneos;
				VALIDATE_PRODUCT = YES;
			};
			name = Release;
		};
		4E9166981EADA70100B06D4B /* Debug */ = {
			isa = XCBuildConfiguration;
			buildSettings = {
				ASSETCATALOG_COMPILER_APPICON_NAME = AppIcon;
				DEVELOPMENT_TEAM = WHRJ2XATM8;
				GCC_PREFIX_HEADER = "/Users/GR/辰/SKAFramework/SKAFramework/PrefixHeader.pch";
				INFOPLIST_FILE = SKAFramework/Info.plist;
				LD_RUNPATH_SEARCH_PATHS = "$(inherited) @executable_path/Frameworks";
				PRODUCT_BUNDLE_IDENTIFIER = org.JYC.SKAFramework;
				PRODUCT_NAME = "$(TARGET_NAME)";
			};
			name = Debug;
		};
		4E9166991EADA70100B06D4B /* Release */ = {
			isa = XCBuildConfiguration;
			buildSettings = {
				ASSETCATALOG_COMPILER_APPICON_NAME = AppIcon;
				DEVELOPMENT_TEAM = WHRJ2XATM8;
				GCC_PREFIX_HEADER = "/Users/GR/辰/SKAFramework/SKAFramework/PrefixHeader.pch";
				INFOPLIST_FILE = SKAFramework/Info.plist;
				LD_RUNPATH_SEARCH_PATHS = "$(inherited) @executable_path/Frameworks";
				PRODUCT_BUNDLE_IDENTIFIER = org.JYC.SKAFramework;
				PRODUCT_NAME = "$(TARGET_NAME)";
			};
			name = Release;
		};
		4E91669B1EADA70100B06D4B /* Debug */ = {
			isa = XCBuildConfiguration;
			buildSettings = {
				BUNDLE_LOADER = "$(TEST_HOST)";
				DEVELOPMENT_TEAM = WHRJ2XATM8;
				INFOPLIST_FILE = SKAFrameworkTests/Info.plist;
				LD_RUNPATH_SEARCH_PATHS = "$(inherited) @executable_path/Frameworks @loader_path/Frameworks";
				PRODUCT_BUNDLE_IDENTIFIER = org.JYC.SKAFrameworkTests;
				PRODUCT_NAME = "$(TARGET_NAME)";
				TEST_HOST = "$(BUILT_PRODUCTS_DIR)/SKAFramework.app/SKAFramework";
			};
			name = Debug;
		};
		4E91669C1EADA70100B06D4B /* Release */ = {
			isa = XCBuildConfiguration;
			buildSettings = {
				BUNDLE_LOADER = "$(TEST_HOST)";
				DEVELOPMENT_TEAM = WHRJ2XATM8;
				INFOPLIST_FILE = SKAFrameworkTests/Info.plist;
				LD_RUNPATH_SEARCH_PATHS = "$(inherited) @executable_path/Frameworks @loader_path/Frameworks";
				PRODUCT_BUNDLE_IDENTIFIER = org.JYC.SKAFrameworkTests;
				PRODUCT_NAME = "$(TARGET_NAME)";
				TEST_HOST = "$(BUILT_PRODUCTS_DIR)/SKAFramework.app/SKAFramework";
			};
			name = Release;
		};
		4E91669E1EADA70100B06D4B /* Debug */ = {
			isa = XCBuildConfiguration;
			buildSettings = {
				DEVELOPMENT_TEAM = WHRJ2XATM8;
				INFOPLIST_FILE = SKAFrameworkUITests/Info.plist;
				LD_RUNPATH_SEARCH_PATHS = "$(inherited) @executable_path/Frameworks @loader_path/Frameworks";
				PRODUCT_BUNDLE_IDENTIFIER = org.JYC.SKAFrameworkUITests;
				PRODUCT_NAME = "$(TARGET_NAME)";
				TEST_TARGET_NAME = SKAFramework;
			};
			name = Debug;
		};
		4E91669F1EADA70100B06D4B /* Release */ = {
			isa = XCBuildConfiguration;
			buildSettings = {
				DEVELOPMENT_TEAM = WHRJ2XATM8;
				INFOPLIST_FILE = SKAFrameworkUITests/Info.plist;
				LD_RUNPATH_SEARCH_PATHS = "$(inherited) @executable_path/Frameworks @loader_path/Frameworks";
				PRODUCT_BUNDLE_IDENTIFIER = org.JYC.SKAFrameworkUITests;
				PRODUCT_NAME = "$(TARGET_NAME)";
				TEST_TARGET_NAME = SKAFramework;
			};
			name = Release;
		};
/* End XCBuildConfiguration section */

/* Begin XCConfigurationList section */
		4E9166651EADA70000B06D4B /* Build configuration list for PBXProject "SKAFramework" */ = {
			isa = XCConfigurationList;
			buildConfigurations = (
				4E9166951EADA70100B06D4B /* Debug */,
				4E9166961EADA70100B06D4B /* Release */,
			);
			defaultConfigurationIsVisible = 0;
			defaultConfigurationName = Release;
		};
		4E9166971EADA70100B06D4B /* Build configuration list for PBXNativeTarget "SKAFramework" */ = {
			isa = XCConfigurationList;
			buildConfigurations = (
				4E9166981EADA70100B06D4B /* Debug */,
				4E9166991EADA70100B06D4B /* Release */,
			);
			defaultConfigurationIsVisible = 0;
			defaultConfigurationName = Release;
		};
		4E91669A1EADA70100B06D4B /* Build configuration list for PBXNativeTarget "SKAFrameworkTests" */ = {
			isa = XCConfigurationList;
			buildConfigurations = (
				4E91669B1EADA70100B06D4B /* Debug */,
				4E91669C1EADA70100B06D4B /* Release */,
			);
			defaultConfigurationIsVisible = 0;
			defaultConfigurationName = Release;
		};
		4E91669D1EADA70100B06D4B /* Build configuration list for PBXNativeTarget "SKAFrameworkUITests" */ = {
			isa = XCConfigurationList;
			buildConfigurations = (
				4E91669E1EADA70100B06D4B /* Debug */,
				4E91669F1EADA70100B06D4B /* Release */,
			);
			defaultConfigurationIsVisible = 0;
			defaultConfigurationName = Release;
		};
/* End XCConfigurationList section */
	};
	rootObject = 4E9166621EADA70000B06D4B /* Project object */;
}
